// !$*UTF8*$!
{
	archiveVersion = 1;
	classes = {
	};
	objectVersion = 56;
	objects = {

/* Begin PBXBuildFile section */
		9F1C07582B0888CB006A9E40 /* AppDelegate.swift in Sources */ = {isa = PBXBuildFile; fileRef = 9F1C07572B0888CB006A9E40 /* AppDelegate.swift */; };
		9F1C075A2B0888CB006A9E40 /* SceneDelegate.swift in Sources */ = {isa = PBXBuildFile; fileRef = 9F1C07592B0888CB006A9E40 /* SceneDelegate.swift */; };
		9F1C075C2B0888CB006A9E40 /* ViewController.swift in Sources */ = {isa = PBXBuildFile; fileRef = 9F1C075B2B0888CB006A9E40 /* ViewController.swift */; };
		9F1C075F2B0888CB006A9E40 /* Main.storyboard in Resources */ = {isa = PBXBuildFile; fileRef = 9F1C075D2B0888CB006A9E40 /* Main.storyboard */; };
		9F1C07612B0888CC006A9E40 /* Assets.xcassets in Resources */ = {isa = PBXBuildFile; fileRef = 9F1C07602B0888CC006A9E40 /* Assets.xcassets */; };
		9F1C07642B0888CC006A9E40 /* LaunchScreen.storyboard in Resources */ = {isa = PBXBuildFile; fileRef = 9F1C07622B0888CC006A9E40 /* LaunchScreen.storyboard */; };
		9F67B2A42B14914600B6ECE8 /* Half.swift in Sources */ = {isa = PBXBuildFile; fileRef = 9F67B2A32B14914600B6ECE8 /* Half.swift */; };
		9F67B2A62B14ADB200B6ECE8 /* Elevator.swift in Sources */ = {isa = PBXBuildFile; fileRef = 9F67B2A52B14ADB200B6ECE8 /* Elevator.swift */; };
		9F67B2A82B14B04900B6ECE8 /* Diff.swift in Sources */ = {isa = PBXBuildFile; fileRef = 9F67B2A72B14B04900B6ECE8 /* Diff.swift */; };
		9F67B2AA2B15920200B6ECE8 /* Choice.swift in Sources */ = {isa = PBXBuildFile; fileRef = 9F67B2A92B15920200B6ECE8 /* Choice.swift */; };
		9F67B2AC2B15956900B6ECE8 /* Selection.swift in Sources */ = {isa = PBXBuildFile; fileRef = 9F67B2AB2B15956900B6ECE8 /* Selection.swift */; };
		9F67B2AE2B159B4900B6ECE8 /* Nil.swift in Sources */ = {isa = PBXBuildFile; fileRef = 9F67B2AD2B159B4900B6ECE8 /* Nil.swift */; };
		9F67B2B02B15B1D100B6ECE8 /* Option.swift in Sources */ = {isa = PBXBuildFile; fileRef = 9F67B2AF2B15B1D100B6ECE8 /* Option.swift */; };
		9F67B2B22B15B48600B6ECE8 /* Sample.swift in Sources */ = {isa = PBXBuildFile; fileRef = 9F67B2B12B15B48600B6ECE8 /* Sample.swift */; };
		9F67B2B42B15D2E700B6ECE8 /* Exception.swift in Sources */ = {isa = PBXBuildFile; fileRef = 9F67B2B32B15D2E700B6ECE8 /* Exception.swift */; };
		9F67B2B62B16D0A400B6ECE8 /* MyCar.swift in Sources */ = {isa = PBXBuildFile; fileRef = 9F67B2B52B16D0A400B6ECE8 /* MyCar.swift */; };
		9F67B2B82B172FC100B6ECE8 /* MyGeneric.swift in Sources */ = {isa = PBXBuildFile; fileRef = 9F67B2B72B172FC100B6ECE8 /* MyGeneric.swift */; };
		9F67B2BA2B174F8800B6ECE8 /* ContentView.swift in Sources */ = {isa = PBXBuildFile; fileRef = 9F67B2B92B174F8800B6ECE8 /* ContentView.swift */; };
		9F67B2BC2B1751A400B6ECE8 /* SimpleView.swift in Sources */ = {isa = PBXBuildFile; fileRef = 9F67B2BB2B1751A400B6ECE8 /* SimpleView.swift */; };
		9F67B2BE2B1753D300B6ECE8 /* Layout.swift in Sources */ = {isa = PBXBuildFile; fileRef = 9F67B2BD2B1753D300B6ECE8 /* Layout.swift */; };
		9F67B2C12B17A1EC00B6ECE8 /* MyButton.swift in Sources */ = {isa = PBXBuildFile; fileRef = 9F67B2C02B17A1EC00B6ECE8 /* MyButton.swift */; };
		9F67B2C32B17A2B800B6ECE8 /* MyText.swift in Sources */ = {isa = PBXBuildFile; fileRef = 9F67B2C22B17A2B800B6ECE8 /* MyText.swift */; };
		9F67B2C62B17A4AE00B6ECE8 /* Onboarding.swift in Sources */ = {isa = PBXBuildFile; fileRef = 9F67B2C52B17A4AE00B6ECE8 /* Onboarding.swift */; };
		9F67B2C92B18701400B6ECE8 /* ListLoop.swift in Sources */ = {isa = PBXBuildFile; fileRef = 9F67B2C82B18701400B6ECE8 /* ListLoop.swift */; };
		9F67B2CB2B18A25D00B6ECE8 /* Setting.swift in Sources */ = {isa = PBXBuildFile; fileRef = 9F67B2CA2B18A25D00B6ECE8 /* Setting.swift */; };
		9F67B2D02B18F36900B6ECE8 /* Modal.swift in Sources */ = {isa = PBXBuildFile; fileRef = 9F67B2CF2B18F36900B6ECE8 /* Modal.swift */; };
		9F67B2D42B18F4D600B6ECE8 /* Detail.swift in Sources */ = {isa = PBXBuildFile; fileRef = 9F67B2D32B18F4D600B6ECE8 /* Detail.swift */; };
		9F67B2D62B18F69900B6ECE8 /* Navigation.swift in Sources */ = {isa = PBXBuildFile; fileRef = 9F67B2D52B18F69900B6ECE8 /* Navigation.swift */; };
		9F67B2D82B196E0100B6ECE8 /* MyTab.swift in Sources */ = {isa = PBXBuildFile; fileRef = 9F67B2D72B196E0100B6ECE8 /* MyTab.swift */; };
		9F67B2DA2B198DAA00B6ECE8 /* TabDetail.swift in Sources */ = {isa = PBXBuildFile; fileRef = 9F67B2D92B198DAA00B6ECE8 /* TabDetail.swift */; };
		9F9B7A962B19AE4100FD5431 /* MyApp.swift in Sources */ = {isa = PBXBuildFile; fileRef = 9F9B7A952B19AE4100FD5431 /* MyApp.swift */; };
		9F9B7A992B1CD4BD00FD5431 /* FirstList.swift in Sources */ = {isa = PBXBuildFile; fileRef = 9F9B7A982B1CD4BD00FD5431 /* FirstList.swift */; };
		9F9B7A9B2B1CD4EA00FD5431 /* Onboarding1.swift in Sources */ = {isa = PBXBuildFile; fileRef = 9F9B7A9A2B1CD4EA00FD5431 /* Onboarding1.swift */; };
/* End PBXBuildFile section */

/* Begin PBXFileReference section */
		9F1C07542B0888CB006A9E40 /* StudySwiftProject.app */ = {isa = PBXFileReference; explicitFileType = wrapper.application; includeInIndex = 0; path = StudySwiftProject.app; sourceTree = BUILT_PRODUCTS_DIR; };
		9F1C07572B0888CB006A9E40 /* AppDelegate.swift */ = {isa = PBXFileReference; lastKnownFileType = sourcecode.swift; path = AppDelegate.swift; sourceTree = "<group>"; };
		9F1C07592B0888CB006A9E40 /* SceneDelegate.swift */ = {isa = PBXFileReference; lastKnownFileType = sourcecode.swift; path = SceneDelegate.swift; sourceTree = "<group>"; };
		9F1C075B2B0888CB006A9E40 /* ViewController.swift */ = {isa = PBXFileReference; lastKnownFileType = sourcecode.swift; path = ViewController.swift; sourceTree = "<group>"; };
		9F1C075E2B0888CB006A9E40 /* Base */ = {isa = PBXFileReference; lastKnownFileType = file.storyboard; name = Base; path = Base.lproj/Main.storyboard; sourceTree = "<group>"; };
		9F1C07602B0888CC006A9E40 /* Assets.xcassets */ = {isa = PBXFileReference; lastKnownFileType = folder.assetcatalog; path = Assets.xcassets; sourceTree = "<group>"; };
		9F1C07632B0888CC006A9E40 /* Base */ = {isa = PBXFileReference; lastKnownFileType = file.storyboard; name = Base; path = Base.lproj/LaunchScreen.storyboard; sourceTree = "<group>"; };
		9F1C07652B0888CC006A9E40 /* Info.plist */ = {isa = PBXFileReference; lastKnownFileType = text.plist.xml; path = Info.plist; sourceTree = "<group>"; };
		9F67B2A32B14914600B6ECE8 /* Half.swift */ = {isa = PBXFileReference; lastKnownFileType = sourcecode.swift; path = Half.swift; sourceTree = "<group>"; };
		9F67B2A52B14ADB200B6ECE8 /* Elevator.swift */ = {isa = PBXFileReference; lastKnownFileType = sourcecode.swift; path = Elevator.swift; sourceTree = "<group>"; };
		9F67B2A72B14B04900B6ECE8 /* Diff.swift */ = {isa = PBXFileReference; lastKnownFileType = sourcecode.swift; path = Diff.swift; sourceTree = "<group>"; };
		9F67B2A92B15920200B6ECE8 /* Choice.swift */ = {isa = PBXFileReference; lastKnownFileType = sourcecode.swift; path = Choice.swift; sourceTree = "<group>"; };
		9F67B2AB2B15956900B6ECE8 /* Selection.swift */ = {isa = PBXFileReference; lastKnownFileType = sourcecode.swift; path = Selection.swift; sourceTree = "<group>"; };
		9F67B2AD2B159B4900B6ECE8 /* Nil.swift */ = {isa = PBXFileReference; lastKnownFileType = sourcecode.swift; path = Nil.swift; sourceTree = "<group>"; };
		9F67B2AF2B15B1D100B6ECE8 /* Option.swift */ = {isa = PBXFileReference; lastKnownFileType = sourcecode.swift; path = Option.swift; sourceTree = "<group>"; };
		9F67B2B12B15B48600B6ECE8 /* Sample.swift */ = {isa = PBXFileReference; lastKnownFileType = sourcecode.swift; path = Sample.swift; sourceTree = "<group>"; };
		9F67B2B32B15D2E700B6ECE8 /* Exception.swift */ = {isa = PBXFileReference; lastKnownFileType = sourcecode.swift; path = Exception.swift; sourceTree = "<group>"; };
		9F67B2B52B16D0A400B6ECE8 /* MyCar.swift */ = {isa = PBXFileReference; lastKnownFileType = sourcecode.swift; path = MyCar.swift; sourceTree = "<group>"; };
		9F67B2B72B172FC100B6ECE8 /* MyGeneric.swift */ = {isa = PBXFileReference; lastKnownFileType = sourcecode.swift; path = MyGeneric.swift; sourceTree = "<group>"; };
		9F67B2B92B174F8800B6ECE8 /* ContentView.swift */ = {isa = PBXFileReference; lastKnownFileType = sourcecode.swift; path = ContentView.swift; sourceTree = "<group>"; };
		9F67B2BB2B1751A400B6ECE8 /* SimpleView.swift */ = {isa = PBXFileReference; lastKnownFileType = sourcecode.swift; path = SimpleView.swift; sourceTree = "<group>"; };
		9F67B2BD2B1753D300B6ECE8 /* Layout.swift */ = {isa = PBXFileReference; lastKnownFileType = sourcecode.swift; path = Layout.swift; sourceTree = "<group>"; };
		9F67B2C02B17A1EC00B6ECE8 /* MyButton.swift */ = {isa = PBXFileReference; lastKnownFileType = sourcecode.swift; path = MyButton.swift; sourceTree = "<group>"; };
		9F67B2C22B17A2B800B6ECE8 /* MyText.swift */ = {isa = PBXFileReference; lastKnownFileType = sourcecode.swift; path = MyText.swift; sourceTree = "<group>"; };
		9F67B2C52B17A4AE00B6ECE8 /* Onboarding.swift */ = {isa = PBXFileReference; lastKnownFileType = sourcecode.swift; path = Onboarding.swift; sourceTree = "<group>"; };
		9F67B2C82B18701400B6ECE8 /* ListLoop.swift */ = {isa = PBXFileReference; lastKnownFileType = sourcecode.swift; path = ListLoop.swift; sourceTree = "<group>"; };
		9F67B2CA2B18A25D00B6ECE8 /* Setting.swift */ = {isa = PBXFileReference; lastKnownFileType = sourcecode.swift; path = Setting.swift; sourceTree = "<group>"; };
		9F67B2CF2B18F36900B6ECE8 /* Modal.swift */ = {isa = PBXFileReference; lastKnownFileType = sourcecode.swift; path = Modal.swift; sourceTree = "<group>"; };
		9F67B2D32B18F4D600B6ECE8 /* Detail.swift */ = {isa = PBXFileReference; lastKnownFileType = sourcecode.swift; path = Detail.swift; sourceTree = "<group>"; };
		9F67B2D52B18F69900B6ECE8 /* Navigation.swift */ = {isa = PBXFileReference; lastKnownFileType = sourcecode.swift; path = Navigation.swift; sourceTree = "<group>"; };
		9F67B2D72B196E0100B6ECE8 /* MyTab.swift */ = {isa = PBXFileReference; lastKnownFileType = sourcecode.swift; path = MyTab.swift; sourceTree = "<group>"; };
		9F67B2D92B198DAA00B6ECE8 /* TabDetail.swift */ = {isa = PBXFileReference; lastKnownFileType = sourcecode.swift; path = TabDetail.swift; sourceTree = "<group>"; };
		9F9B7A952B19AE4100FD5431 /* MyApp.swift */ = {isa = PBXFileReference; lastKnownFileType = sourcecode.swift; path = MyApp.swift; sourceTree = "<group>"; };
		9F9B7A982B1CD4BD00FD5431 /* FirstList.swift */ = {isa = PBXFileReference; lastKnownFileType = sourcecode.swift; path = FirstList.swift; sourceTree = "<group>"; };
		9F9B7A9A2B1CD4EA00FD5431 /* Onboarding1.swift */ = {isa = PBXFileReference; lastKnownFileType = sourcecode.swift; path = Onboarding1.swift; sourceTree = "<group>"; };
/* End PBXFileReference section */

/* Begin PBXFrameworksBuildPhase section */
		9F1C07512B0888CB006A9E40 /* Frameworks */ = {
			isa = PBXFrameworksBuildPhase;
			buildActionMask = 2147483647;
			files = (
			);
			runOnlyForDeploymentPostprocessing = 0;
		};
/* End PBXFrameworksBuildPhase section */

/* Begin PBXGroup section */
		9F1C074B2B0888CB006A9E40 = {
			isa = PBXGroup;
			children = (
				9F1C07562B0888CB006A9E40 /* StudySwiftProject */,
				9F1C07552B0888CB006A9E40 /* Products */,
			);
			sourceTree = "<group>";
		};
		9F1C07552B0888CB006A9E40 /* Products */ = {
			isa = PBXGroup;
			children = (
				9F1C07542B0888CB006A9E40 /* StudySwiftProject.app */,
			);
			name = Products;
			sourceTree = "<group>";
		};
		9F1C07562B0888CB006A9E40 /* StudySwiftProject */ = {
			isa = PBXGroup;
			children = (
				9F1C075D2B0888CB006A9E40 /* Main.storyboard */,
				9F1C075B2B0888CB006A9E40 /* ViewController.swift */,
				9F1C07622B0888CC006A9E40 /* LaunchScreen.storyboard */,
				9F1C07572B0888CB006A9E40 /* AppDelegate.swift */,
				9F1C07592B0888CB006A9E40 /* SceneDelegate.swift */,
				9F1C07602B0888CC006A9E40 /* Assets.xcassets */,
				9F1C07652B0888CC006A9E40 /* Info.plist */,
				9F67B2C72B17AB6500B6ECE8 /* Part3 */,
				9F67B2C42B17A41B00B6ECE8 /* Part1 */,
				9F67B2BF2B17557000B6ECE8 /* Part2 */,
			);
			path = StudySwiftProject;
			sourceTree = "<group>";
		};
		9F67B2BF2B17557000B6ECE8 /* Part2 */ = {
			isa = PBXGroup;
			children = (
				9F9B7A9C2B1CD99E00FD5431 /* Ch 4 */,
				9F67B2CE2B18F35900B6ECE8 /* Ch 3 */,
				9F67B2CD2B18F34B00B6ECE8 /* Ch 2 */,
				9F67B2CC2B18F33400B6ECE8 /* Ch 1 */,
			);
			path = Part2;
			sourceTree = "<group>";
		};
		9F67B2C42B17A41B00B6ECE8 /* Part1 */ = {
			isa = PBXGroup;
			children = (
				9F67B2D22B18F3C600B6ECE8 /* Ch 4 */,
				9F67B2D12B18F37C00B6ECE8 /* Ch 3 */,
			);
			path = Part1;
			sourceTree = "<group>";
		};
		9F67B2C72B17AB6500B6ECE8 /* Part3 */ = {
			isa = PBXGroup;
			children = (
			);
			path = Part3;
			sourceTree = "<group>";
		};
		9F67B2CC2B18F33400B6ECE8 /* Ch 1 */ = {
			isa = PBXGroup;
			children = (
				9F67B2B92B174F8800B6ECE8 /* ContentView.swift */,
				9F67B2BB2B1751A400B6ECE8 /* SimpleView.swift */,
				9F67B2BD2B1753D300B6ECE8 /* Layout.swift */,
				9F67B2C02B17A1EC00B6ECE8 /* MyButton.swift */,
				9F67B2C22B17A2B800B6ECE8 /* MyText.swift */,
				9F67B2C52B17A4AE00B6ECE8 /* Onboarding.swift */,
			);
			path = "Ch 1";
			sourceTree = "<group>";
		};
		9F67B2CD2B18F34B00B6ECE8 /* Ch 2 */ = {
			isa = PBXGroup;
			children = (
				9F67B2C82B18701400B6ECE8 /* ListLoop.swift */,
				9F67B2CA2B18A25D00B6ECE8 /* Setting.swift */,
			);
			path = "Ch 2";
			sourceTree = "<group>";
		};
		9F67B2CE2B18F35900B6ECE8 /* Ch 3 */ = {
			isa = PBXGroup;
			children = (
				9F9B7A972B1CD4A000FD5431 /* MyApp */,
				9F67B2CF2B18F36900B6ECE8 /* Modal.swift */,
				9F67B2D32B18F4D600B6ECE8 /* Detail.swift */,
				9F67B2D52B18F69900B6ECE8 /* Navigation.swift */,
				9F67B2D72B196E0100B6ECE8 /* MyTab.swift */,
				9F67B2D92B198DAA00B6ECE8 /* TabDetail.swift */,
			);
			path = "Ch 3";
			sourceTree = "<group>";
		};
		9F67B2D12B18F37C00B6ECE8 /* Ch 3 */ = {
			isa = PBXGroup;
			children = (
				9F67B2A92B15920200B6ECE8 /* Choice.swift */,
				9F67B2AB2B15956900B6ECE8 /* Selection.swift */,
				9F67B2AD2B159B4900B6ECE8 /* Nil.swift */,
				9F67B2AF2B15B1D100B6ECE8 /* Option.swift */,
				9F67B2B12B15B48600B6ECE8 /* Sample.swift */,
				9F67B2A32B14914600B6ECE8 /* Half.swift */,
				9F67B2A52B14ADB200B6ECE8 /* Elevator.swift */,
				9F67B2A72B14B04900B6ECE8 /* Diff.swift */,
			);
			path = "Ch 3";
			sourceTree = "<group>";
		};
		9F67B2D22B18F3C600B6ECE8 /* Ch 4 */ = {
			isa = PBXGroup;
			children = (
				9F67B2B32B15D2E700B6ECE8 /* Exception.swift */,
				9F67B2B52B16D0A400B6ECE8 /* MyCar.swift */,
				9F67B2B72B172FC100B6ECE8 /* MyGeneric.swift */,
			);
			path = "Ch 4";
			sourceTree = "<group>";
		};
		9F9B7A972B1CD4A000FD5431 /* MyApp */ = {
			isa = PBXGroup;
			children = (
				9F9B7A952B19AE4100FD5431 /* MyApp.swift */,
				9F9B7A982B1CD4BD00FD5431 /* FirstList.swift */,
				9F9B7A9A2B1CD4EA00FD5431 /* Onboarding1.swift */,
			);
			path = MyApp;
			sourceTree = "<group>";
		};
		9F9B7A9C2B1CD99E00FD5431 /* Ch 4 */ = {
			isa = PBXGroup;
			children = (
			);
			path = "Ch 4";
			sourceTree = "<group>";
		};
/* End PBXGroup section */

/* Begin PBXNativeTarget section */
		9F1C07532B0888CB006A9E40 /* StudySwiftProject */ = {
			isa = PBXNativeTarget;
			buildConfigurationList = 9F1C07682B0888CC006A9E40 /* Build configuration list for PBXNativeTarget "StudySwiftProject" */;
			buildPhases = (
				9F1C07502B0888CB006A9E40 /* Sources */,
				9F1C07512B0888CB006A9E40 /* Frameworks */,
				9F1C07522B0888CB006A9E40 /* Resources */,
			);
			buildRules = (
			);
			dependencies = (
			);
			name = StudySwiftProject;
			productName = StudySwiftProject;
			productReference = 9F1C07542B0888CB006A9E40 /* StudySwiftProject.app */;
			productType = "com.apple.product-type.application";
		};
/* End PBXNativeTarget section */

/* Begin PBXProject section */
		9F1C074C2B0888CB006A9E40 /* Project object */ = {
			isa = PBXProject;
			attributes = {
				BuildIndependentTargetsInParallel = 1;
				LastSwiftUpdateCheck = 1500;
				LastUpgradeCheck = 1500;
				TargetAttributes = {
					9F1C07532B0888CB006A9E40 = {
						CreatedOnToolsVersion = 15.0.1;
					};
				};
			};
			buildConfigurationList = 9F1C074F2B0888CB006A9E40 /* Build configuration list for PBXProject "StudySwiftProject" */;
			compatibilityVersion = "Xcode 14.0";
			developmentRegion = en;
			hasScannedForEncodings = 0;
			knownRegions = (
				en,
				Base,
			);
			mainGroup = 9F1C074B2B0888CB006A9E40;
			productRefGroup = 9F1C07552B0888CB006A9E40 /* Products */;
			projectDirPath = "";
			projectRoot = "";
			targets = (
				9F1C07532B0888CB006A9E40 /* StudySwiftProject */,
			);
		};
/* End PBXProject section */

/* Begin PBXResourcesBuildPhase section */
		9F1C07522B0888CB006A9E40 /* Resources */ = {
			isa = PBXResourcesBuildPhase;
			buildActionMask = 2147483647;
			files = (
				9F1C07642B0888CC006A9E40 /* LaunchScreen.storyboard in Resources */,
				9F1C07612B0888CC006A9E40 /* Assets.xcassets in Resources */,
				9F1C075F2B0888CB006A9E40 /* Main.storyboard in Resources */,
			);
			runOnlyForDeploymentPostprocessing = 0;
		};
/* End PBXResourcesBuildPhase section */

/* Begin PBXSourcesBuildPhase section */
		9F1C07502B0888CB006A9E40 /* Sources */ = {
			isa = PBXSourcesBuildPhase;
			buildActionMask = 2147483647;
			files = (
				9F67B2BC2B1751A400B6ECE8 /* SimpleView.swift in Sources */,
				9F67B2BE2B1753D300B6ECE8 /* Layout.swift in Sources */,
				9F67B2D62B18F69900B6ECE8 /* Navigation.swift in Sources */,
				9F67B2D42B18F4D600B6ECE8 /* Detail.swift in Sources */,
				9F67B2C62B17A4AE00B6ECE8 /* Onboarding.swift in Sources */,
				9F67B2AC2B15956900B6ECE8 /* Selection.swift in Sources */,
				9F67B2B82B172FC100B6ECE8 /* MyGeneric.swift in Sources */,
				9F67B2D02B18F36900B6ECE8 /* Modal.swift in Sources */,
				9F67B2D82B196E0100B6ECE8 /* MyTab.swift in Sources */,
				9F67B2B62B16D0A400B6ECE8 /* MyCar.swift in Sources */,
				9F67B2CB2B18A25D00B6ECE8 /* Setting.swift in Sources */,
				9F67B2C12B17A1EC00B6ECE8 /* MyButton.swift in Sources */,
				9F9B7A9B2B1CD4EA00FD5431 /* Onboarding1.swift in Sources */,
				9F67B2A82B14B04900B6ECE8 /* Diff.swift in Sources */,
				9F67B2B02B15B1D100B6ECE8 /* Option.swift in Sources */,
				9F67B2A62B14ADB200B6ECE8 /* Elevator.swift in Sources */,
				9F67B2AA2B15920200B6ECE8 /* Choice.swift in Sources */,
				9F67B2A42B14914600B6ECE8 /* Half.swift in Sources */,
				9F1C075C2B0888CB006A9E40 /* ViewController.swift in Sources */,
				9F1C07582B0888CB006A9E40 /* AppDelegate.swift in Sources */,
				9F67B2AE2B159B4900B6ECE8 /* Nil.swift in Sources */,
				9F67B2C92B18701400B6ECE8 /* ListLoop.swift in Sources */,
				9F9B7A962B19AE4100FD5431 /* MyApp.swift in Sources */,
				9F67B2BA2B174F8800B6ECE8 /* ContentView.swift in Sources */,
				9F67B2C32B17A2B800B6ECE8 /* MyText.swift in Sources */,
				9F67B2B42B15D2E700B6ECE8 /* Exception.swift in Sources */,
				9F67B2DA2B198DAA00B6ECE8 /* TabDetail.swift in Sources */,
				9F67B2B22B15B48600B6ECE8 /* Sample.swift in Sources */,
				9F1C075A2B0888CB006A9E40 /* SceneDelegate.swift in Sources */,
				9F9B7A992B1CD4BD00FD5431 /* FirstList.swift in Sources */,
			);
			runOnlyForDeploymentPostprocessing = 0;
		};
/* End PBXSourcesBuildPhase section */

/* Begin PBXVariantGroup section */
		9F1C075D2B0888CB006A9E40 /* Main.storyboard */ = {
			isa = PBXVariantGroup;
			children = (
				9F1C075E2B0888CB006A9E40 /* Base */,
			);
			name = Main.storyboard;
			sourceTree = "<group>";
		};
		9F1C07622B0888CC006A9E40 /* LaunchScreen.storyboard */ = {
			isa = PBXVariantGroup;
			children = (
				9F1C07632B0888CC006A9E40 /* Base */,
			);
			name = LaunchScreen.storyboard;
			sourceTree = "<group>";
		};
/* End PBXVariantGroup section */

/* Begin XCBuildConfiguration section */
		9F1C07662B0888CC006A9E40 /* Debug */ = {
			isa = XCBuildConfiguration;
			buildSettings = {
				ALWAYS_SEARCH_USER_PATHS = NO;
				ASSETCATALOG_COMPILER_GENERATE_SWIFT_ASSET_SYMBOL_EXTENSIONS = YES;
				CLANG_ANALYZER_NONNULL = YES;
				CLANG_ANALYZER_NUMBER_OBJECT_CONVERSION = YES_AGGRESSIVE;
				CLANG_CXX_LANGUAGE_STANDARD = "gnu++20";
				CLANG_ENABLE_MODULES = YES;
				CLANG_ENABLE_OBJC_ARC = YES;
				CLANG_ENABLE_OBJC_WEAK = YES;
				CLANG_WARN_BLOCK_CAPTURE_AUTORELEASING = YES;
				CLANG_WARN_BOOL_CONVERSION = YES;
				CLANG_WARN_COMMA = YES;
				CLANG_WARN_CONSTANT_CONVERSION = YES;
				CLANG_WARN_DEPRECATED_OBJC_IMPLEMENTATIONS = YES;
				CLANG_WARN_DIRECT_OBJC_ISA_USAGE = YES_ERROR;
				CLANG_WARN_DOCUMENTATION_COMMENTS = YES;
				CLANG_WARN_EMPTY_BODY = YES;
				CLANG_WARN_ENUM_CONVERSION = YES;
				CLANG_WARN_INFINITE_RECURSION = YES;
				CLANG_WARN_INT_CONVERSION = YES;
				CLANG_WARN_NON_LITERAL_NULL_CONVERSION = YES;
				CLANG_WARN_OBJC_IMPLICIT_RETAIN_SELF = YES;
				CLANG_WARN_OBJC_LITERAL_CONVERSION = YES;
				CLANG_WARN_OBJC_ROOT_CLASS = YES_ERROR;
				CLANG_WARN_QUOTED_INCLUDE_IN_FRAMEWORK_HEADER = YES;
				CLANG_WARN_RANGE_LOOP_ANALYSIS = YES;
				CLANG_WARN_STRICT_PROTOTYPES = YES;
				CLANG_WARN_SUSPICIOUS_MOVE = YES;
				CLANG_WARN_UNGUARDED_AVAILABILITY = YES_AGGRESSIVE;
				CLANG_WARN_UNREACHABLE_CODE = YES;
				CLANG_WARN__DUPLICATE_METHOD_MATCH = YES;
				COPY_PHASE_STRIP = NO;
				DEBUG_INFORMATION_FORMAT = dwarf;
				ENABLE_STRICT_OBJC_MSGSEND = YES;
				ENABLE_TESTABILITY = YES;
				ENABLE_USER_SCRIPT_SANDBOXING = YES;
				GCC_C_LANGUAGE_STANDARD = gnu17;
				GCC_DYNAMIC_NO_PIC = NO;
				GCC_NO_COMMON_BLOCKS = YES;
				GCC_OPTIMIZATION_LEVEL = 0;
				GCC_PREPROCESSOR_DEFINITIONS = (
					"DEBUG=1",
					"$(inherited)",
				);
				GCC_WARN_64_TO_32_BIT_CONVERSION = YES;
				GCC_WARN_ABOUT_RETURN_TYPE = YES_ERROR;
				GCC_WARN_UNDECLARED_SELECTOR = YES;
				GCC_WARN_UNINITIALIZED_AUTOS = YES_AGGRESSIVE;
				GCC_WARN_UNUSED_FUNCTION = YES;
				GCC_WARN_UNUSED_VARIABLE = YES;
				IPHONEOS_DEPLOYMENT_TARGET = 17.0;
				LOCALIZATION_PREFERS_STRING_CATALOGS = YES;
				MTL_ENABLE_DEBUG_INFO = INCLUDE_SOURCE;
				MTL_FAST_MATH = YES;
				ONLY_ACTIVE_ARCH = YES;
				SDKROOT = iphoneos;
				SWIFT_ACTIVE_COMPILATION_CONDITIONS = "DEBUG $(inherited)";
				SWIFT_OPTIMIZATION_LEVEL = "-Onone";
			};
			name = Debug;
		};
		9F1C07672B0888CC006A9E40 /* Release */ = {
			isa = XCBuildConfiguration;
			buildSettings = {
				ALWAYS_SEARCH_USER_PATHS = NO;
				ASSETCATALOG_COMPILER_GENERATE_SWIFT_ASSET_SYMBOL_EXTENSIONS = YES;
				CLANG_ANALYZER_NONNULL = YES;
				CLANG_ANALYZER_NUMBER_OBJECT_CONVERSION = YES_AGGRESSIVE;
				CLANG_CXX_LANGUAGE_STANDARD = "gnu++20";
				CLANG_ENABLE_MODULES = YES;
				CLANG_ENABLE_OBJC_ARC = YES;
				CLANG_ENABLE_OBJC_WEAK = YES;
				CLANG_WARN_BLOCK_CAPTURE_AUTORELEASING = YES;
				CLANG_WARN_BOOL_CONVERSION = YES;
				CLANG_WARN_COMMA = YES;
				CLANG_WARN_CONSTANT_CONVERSION = YES;
				CLANG_WARN_DEPRECATED_OBJC_IMPLEMENTATIONS = YES;
				CLANG_WARN_DIRECT_OBJC_ISA_USAGE = YES_ERROR;
				CLANG_WARN_DOCUMENTATION_COMMENTS = YES;
				CLANG_WARN_EMPTY_BODY = YES;
				CLANG_WARN_ENUM_CONVERSION = YES;
				CLANG_WARN_INFINITE_RECURSION = YES;
				CLANG_WARN_INT_CONVERSION = YES;
				CLANG_WARN_NON_LITERAL_NULL_CONVERSION = YES;
				CLANG_WARN_OBJC_IMPLICIT_RETAIN_SELF = YES;
				CLANG_WARN_OBJC_LITERAL_CONVERSION = YES;
				CLANG_WARN_OBJC_ROOT_CLASS = YES_ERROR;
				CLANG_WARN_QUOTED_INCLUDE_IN_FRAMEWORK_HEADER = YES;
				CLANG_WARN_RANGE_LOOP_ANALYSIS = YES;
				CLANG_WARN_STRICT_PROTOTYPES = YES;
				CLANG_WARN_SUSPICIOUS_MOVE = YES;
				CLANG_WARN_UNGUARDED_AVAILABILITY = YES_AGGRESSIVE;
				CLANG_WARN_UNREACHABLE_CODE = YES;
				CLANG_WARN__DUPLICATE_METHOD_MATCH = YES;
				COPY_PHASE_STRIP = NO;
				DEBUG_INFORMATION_FORMAT = "dwarf-with-dsym";
				ENABLE_NS_ASSERTIONS = NO;
				ENABLE_STRICT_OBJC_MSGSEND = YES;
				ENABLE_USER_SCRIPT_SANDBOXING = YES;
				GCC_C_LANGUAGE_STANDARD = gnu17;
				GCC_NO_COMMON_BLOCKS = YES;
				GCC_WARN_64_TO_32_BIT_CONVERSION = YES;
				GCC_WARN_ABOUT_RETURN_TYPE = YES_ERROR;
				GCC_WARN_UNDECLARED_SELECTOR = YES;
				GCC_WARN_UNINITIALIZED_AUTOS = YES_AGGRESSIVE;
				GCC_WARN_UNUSED_FUNCTION = YES;
				GCC_WARN_UNUSED_VARIABLE = YES;
				IPHONEOS_DEPLOYMENT_TARGET = 17.0;
				LOCALIZATION_PREFERS_STRING_CATALOGS = YES;
				MTL_ENABLE_DEBUG_INFO = NO;
				MTL_FAST_MATH = YES;
				SDKROOT = iphoneos;
				SWIFT_COMPILATION_MODE = wholemodule;
				VALIDATE_PRODUCT = YES;
			};
			name = Release;
		};
		9F1C07692B0888CC006A9E40 /* Debug */ = {
			isa = XCBuildConfiguration;
			buildSettings = {
				ASSETCATALOG_COMPILER_APPICON_NAME = AppIcon;
				ASSETCATALOG_COMPILER_GLOBAL_ACCENT_COLOR_NAME = AccentColor;
				CODE_SIGN_STYLE = Automatic;
				CURRENT_PROJECT_VERSION = 1;
				DEVELOPMENT_TEAM = 7P5U4N4C5Z;
				GENERATE_INFOPLIST_FILE = YES;
				INFOPLIST_FILE = StudySwiftProject/Info.plist;
				INFOPLIST_KEY_UIApplicationSupportsIndirectInputEvents = YES;
				INFOPLIST_KEY_UILaunchStoryboardName = LaunchScreen;
				INFOPLIST_KEY_UIMainStoryboardFile = Main;
				INFOPLIST_KEY_UISupportedInterfaceOrientations_iPad = "UIInterfaceOrientationPortrait UIInterfaceOrientationPortraitUpsideDown UIInterfaceOrientationLandscapeLeft UIInterfaceOrientationLandscapeRight";
				INFOPLIST_KEY_UISupportedInterfaceOrientations_iPhone = "UIInterfaceOrientationPortrait UIInterfaceOrientationLandscapeLeft UIInterfaceOrientationLandscapeRight";
				LD_RUNPATH_SEARCH_PATHS = (
					"$(inherited)",
					"@executable_path/Frameworks",
				);
				MARKETING_VERSION = 1.0;
				PRODUCT_BUNDLE_IDENTIFIER = kr.gwanson.StudySwiftProject;
				PRODUCT_NAME = "$(TARGET_NAME)";
				SWIFT_EMIT_LOC_STRINGS = YES;
				SWIFT_VERSION = 5.0;
				TARGETED_DEVICE_FAMILY = "1,2";
			};
			name = Debug;
		};
		9F1C076A2B0888CC006A9E40 /* Release */ = {
			isa = XCBuildConfiguration;
			buildSettings = {
				ASSETCATALOG_COMPILER_APPICON_NAME = AppIcon;
				ASSETCATALOG_COMPILER_GLOBAL_ACCENT_COLOR_NAME = AccentColor;
				CODE_SIGN_STYLE = Automatic;
				CURRENT_PROJECT_VERSION = 1;
				DEVELOPMENT_TEAM = 7P5U4N4C5Z;
				GENERATE_INFOPLIST_FILE = YES;
				INFOPLIST_FILE = StudySwiftProject/Info.plist;
				INFOPLIST_KEY_UIApplicationSupportsIndirectInputEvents = YES;
				INFOPLIST_KEY_UILaunchStoryboardName = LaunchScreen;
				INFOPLIST_KEY_UIMainStoryboardFile = Main;
				INFOPLIST_KEY_UISupportedInterfaceOrientations_iPad = "UIInterfaceOrientationPortrait UIInterfaceOrientationPortraitUpsideDown UIInterfaceOrientationLandscapeLeft UIInterfaceOrientationLandscapeRight";
				INFOPLIST_KEY_UISupportedInterfaceOrientations_iPhone = "UIInterfaceOrientationPortrait UIInterfaceOrientationLandscapeLeft UIInterfaceOrientationLandscapeRight";
				LD_RUNPATH_SEARCH_PATHS = (
					"$(inherited)",
					"@executable_path/Frameworks",
				);
				MARKETING_VERSION = 1.0;
				PRODUCT_BUNDLE_IDENTIFIER = kr.gwanson.StudySwiftProject;
				PRODUCT_NAME = "$(TARGET_NAME)";
				SWIFT_EMIT_LOC_STRINGS = YES;
				SWIFT_VERSION = 5.0;
				TARGETED_DEVICE_FAMILY = "1,2";
			};
			name = Release;
		};
/* End XCBuildConfiguration section */

/* Begin XCConfigurationList section */
		9F1C074F2B0888CB006A9E40 /* Build configuration list for PBXProject "StudySwiftProject" */ = {
			isa = XCConfigurationList;
			buildConfigurations = (
				9F1C07662B0888CC006A9E40 /* Debug */,
				9F1C07672B0888CC006A9E40 /* Release */,
			);
			defaultConfigurationIsVisible = 0;
			defaultConfigurationName = Release;
		};
		9F1C07682B0888CC006A9E40 /* Build configuration list for PBXNativeTarget "StudySwiftProject" */ = {
			isa = XCConfigurationList;
			buildConfigurations = (
				9F1C07692B0888CC006A9E40 /* Debug */,
				9F1C076A2B0888CC006A9E40 /* Release */,
			);
			defaultConfigurationIsVisible = 0;
			defaultConfigurationName = Release;
		};
/* End XCConfigurationList section */
	};
	rootObject = 9F1C074C2B0888CB006A9E40 /* Project object */;
}
