// !$*UTF8*$!
{
	archiveVersion = 1;
	classes = {
	};
	objectVersion = 56;
	objects = {

/* Begin PBXBuildFile section */
		9F75E8E12BCFBC98005FD4F1 /* SymbolRoller_SwiftUIApp.swift in Sources */ = {isa = PBXBuildFile; fileRef = 9F75E8E02BCFBC98005FD4F1 /* SymbolRoller_SwiftUIApp.swift */; };
		9F75E8E32BCFBC98005FD4F1 /* ContentView.swift in Sources */ = {isa = PBXBuildFile; fileRef = 9F75E8E22BCFBC98005FD4F1 /* ContentView.swift */; };
		9F75E8E52BCFBC99005FD4F1 /* Assets.xcassets in Resources */ = {isa = PBXBuildFile; fileRef = 9F75E8E42BCFBC99005FD4F1 /* Assets.xcassets */; };
		9F75E8E82BCFBC99005FD4F1 /* Preview Assets.xcassets in Resources */ = {isa = PBXBuildFile; fileRef = 9F75E8E72BCFBC99005FD4F1 /* Preview Assets.xcassets */; };
		9F75E8F22BCFBC99005FD4F1 /* SymbolRoller_SwiftUITests.swift in Sources */ = {isa = PBXBuildFile; fileRef = 9F75E8F12BCFBC99005FD4F1 /* SymbolRoller_SwiftUITests.swift */; };
		9F75E8FC2BCFBC99005FD4F1 /* SymbolRoller_SwiftUIUITests.swift in Sources */ = {isa = PBXBuildFile; fileRef = 9F75E8FB2BCFBC99005FD4F1 /* SymbolRoller_SwiftUIUITests.swift */; };
		9F75E8FE2BCFBC99005FD4F1 /* SymbolRoller_SwiftUIUITestsLaunchTests.swift in Sources */ = {isa = PBXBuildFile; fileRef = 9F75E8FD2BCFBC99005FD4F1 /* SymbolRoller_SwiftUIUITestsLaunchTests.swift */; };
/* End PBXBuildFile section */

/* Begin PBXContainerItemProxy section */
		9F75E8EE2BCFBC99005FD4F1 /* PBXContainerItemProxy */ = {
			isa = PBXContainerItemProxy;
			containerPortal = 9F75E8D52BCFBC98005FD4F1 /* Project object */;
			proxyType = 1;
			remoteGlobalIDString = 9F75E8DC2BCFBC98005FD4F1;
			remoteInfo = SymbolRoller_SwiftUI;
		};
		9F75E8F82BCFBC99005FD4F1 /* PBXContainerItemProxy */ = {
			isa = PBXContainerItemProxy;
			containerPortal = 9F75E8D52BCFBC98005FD4F1 /* Project object */;
			proxyType = 1;
			remoteGlobalIDString = 9F75E8DC2BCFBC98005FD4F1;
			remoteInfo = SymbolRoller_SwiftUI;
		};
/* End PBXContainerItemProxy section */

/* Begin PBXFileReference section */
		9F75E8DD2BCFBC98005FD4F1 /* SymbolRoller_SwiftUI.app */ = {isa = PBXFileReference; explicitFileType = wrapper.application; includeInIndex = 0; path = SymbolRoller_SwiftUI.app; sourceTree = BUILT_PRODUCTS_DIR; };
		9F75E8E02BCFBC98005FD4F1 /* SymbolRoller_SwiftUIApp.swift */ = {isa = PBXFileReference; lastKnownFileType = sourcecode.swift; path = SymbolRoller_SwiftUIApp.swift; sourceTree = "<group>"; };
		9F75E8E22BCFBC98005FD4F1 /* ContentView.swift */ = {isa = PBXFileReference; lastKnownFileType = sourcecode.swift; path = ContentView.swift; sourceTree = "<group>"; };
		9F75E8E42BCFBC99005FD4F1 /* Assets.xcassets */ = {isa = PBXFileReference; lastKnownFileType = folder.assetcatalog; path = Assets.xcassets; sourceTree = "<group>"; };
		9F75E8E72BCFBC99005FD4F1 /* Preview Assets.xcassets */ = {isa = PBXFileReference; lastKnownFileType = folder.assetcatalog; path = "Preview Assets.xcassets"; sourceTree = "<group>"; };
		9F75E8ED2BCFBC99005FD4F1 /* SymbolRoller_SwiftUITests.xctest */ = {isa = PBXFileReference; explicitFileType = wrapper.cfbundle; includeInIndex = 0; path = SymbolRoller_SwiftUITests.xctest; sourceTree = BUILT_PRODUCTS_DIR; };
		9F75E8F12BCFBC99005FD4F1 /* SymbolRoller_SwiftUITests.swift */ = {isa = PBXFileReference; lastKnownFileType = sourcecode.swift; path = SymbolRoller_SwiftUITests.swift; sourceTree = "<group>"; };
		9F75E8F72BCFBC99005FD4F1 /* SymbolRoller_SwiftUIUITests.xctest */ = {isa = PBXFileReference; explicitFileType = wrapper.cfbundle; includeInIndex = 0; path = SymbolRoller_SwiftUIUITests.xctest; sourceTree = BUILT_PRODUCTS_DIR; };
		9F75E8FB2BCFBC99005FD4F1 /* SymbolRoller_SwiftUIUITests.swift */ = {isa = PBXFileReference; lastKnownFileType = sourcecode.swift; path = SymbolRoller_SwiftUIUITests.swift; sourceTree = "<group>"; };
		9F75E8FD2BCFBC99005FD4F1 /* SymbolRoller_SwiftUIUITestsLaunchTests.swift */ = {isa = PBXFileReference; lastKnownFileType = sourcecode.swift; path = SymbolRoller_SwiftUIUITestsLaunchTests.swift; sourceTree = "<group>"; };
/* End PBXFileReference section */

/* Begin PBXFrameworksBuildPhase section */
		9F75E8DA2BCFBC98005FD4F1 /* Frameworks */ = {
			isa = PBXFrameworksBuildPhase;
			buildActionMask = 2147483647;
			files = (
			);
			runOnlyForDeploymentPostprocessing = 0;
		};
		9F75E8EA2BCFBC99005FD4F1 /* Frameworks */ = {
			isa = PBXFrameworksBuildPhase;
			buildActionMask = 2147483647;
			files = (
			);
			runOnlyForDeploymentPostprocessing = 0;
		};
		9F75E8F42BCFBC99005FD4F1 /* Frameworks */ = {
			isa = PBXFrameworksBuildPhase;
			buildActionMask = 2147483647;
			files = (
			);
			runOnlyForDeploymentPostprocessing = 0;
		};
/* End PBXFrameworksBuildPhase section */

/* Begin PBXGroup section */
		9F75E8D42BCFBC98005FD4F1 = {
			isa = PBXGroup;
			children = (
				9F75E8DF2BCFBC98005FD4F1 /* SymbolRoller_SwiftUI */,
				9F75E8F02BCFBC99005FD4F1 /* SymbolRoller_SwiftUITests */,
				9F75E8FA2BCFBC99005FD4F1 /* SymbolRoller_SwiftUIUITests */,
				9F75E8DE2BCFBC98005FD4F1 /* Products */,
			);
			sourceTree = "<group>";
		};
		9F75E8DE2BCFBC98005FD4F1 /* Products */ = {
			isa = PBXGroup;
			children = (
				9F75E8DD2BCFBC98005FD4F1 /* SymbolRoller_SwiftUI.app */,
				9F75E8ED2BCFBC99005FD4F1 /* SymbolRoller_SwiftUITests.xctest */,
				9F75E8F72BCFBC99005FD4F1 /* SymbolRoller_SwiftUIUITests.xctest */,
			);
			name = Products;
			sourceTree = "<group>";
		};
		9F75E8DF2BCFBC98005FD4F1 /* SymbolRoller_SwiftUI */ = {
			isa = PBXGroup;
			children = (
				9F75E8E02BCFBC98005FD4F1 /* SymbolRoller_SwiftUIApp.swift */,
				9F75E8E22BCFBC98005FD4F1 /* ContentView.swift */,
				9F75E8E42BCFBC99005FD4F1 /* Assets.xcassets */,
				9F75E8E62BCFBC99005FD4F1 /* Preview Content */,
			);
			path = SymbolRoller_SwiftUI;
			sourceTree = "<group>";
		};
		9F75E8E62BCFBC99005FD4F1 /* Preview Content */ = {
			isa = PBXGroup;
			children = (
				9F75E8E72BCFBC99005FD4F1 /* Preview Assets.xcassets */,
			);
			path = "Preview Content";
			sourceTree = "<group>";
		};
		9F75E8F02BCFBC99005FD4F1 /* SymbolRoller_SwiftUITests */ = {
			isa = PBXGroup;
			children = (
				9F75E8F12BCFBC99005FD4F1 /* SymbolRoller_SwiftUITests.swift */,
			);
			path = SymbolRoller_SwiftUITests;
			sourceTree = "<group>";
		};
		9F75E8FA2BCFBC99005FD4F1 /* SymbolRoller_SwiftUIUITests */ = {
			isa = PBXGroup;
			children = (
				9F75E8FB2BCFBC99005FD4F1 /* SymbolRoller_SwiftUIUITests.swift */,
				9F75E8FD2BCFBC99005FD4F1 /* SymbolRoller_SwiftUIUITestsLaunchTests.swift */,
			);
			path = SymbolRoller_SwiftUIUITests;
			sourceTree = "<group>";
		};
/* End PBXGroup section */

/* Begin PBXNativeTarget section */
		9F75E8DC2BCFBC98005FD4F1 /* SymbolRoller_SwiftUI */ = {
			isa = PBXNativeTarget;
			buildConfigurationList = 9F75E9012BCFBC99005FD4F1 /* Build configuration list for PBXNativeTarget "SymbolRoller_SwiftUI" */;
			buildPhases = (
				9F75E8D92BCFBC98005FD4F1 /* Sources */,
				9F75E8DA2BCFBC98005FD4F1 /* Frameworks */,
				9F75E8DB2BCFBC98005FD4F1 /* Resources */,
			);
			buildRules = (
			);
			dependencies = (
			);
			name = SymbolRoller_SwiftUI;
			productName = SymbolRoller_SwiftUI;
			productReference = 9F75E8DD2BCFBC98005FD4F1 /* SymbolRoller_SwiftUI.app */;
			productType = "com.apple.product-type.application";
		};
		9F75E8EC2BCFBC99005FD4F1 /* SymbolRoller_SwiftUITests */ = {
			isa = PBXNativeTarget;
			buildConfigurationList = 9F75E9042BCFBC99005FD4F1 /* Build configuration list for PBXNativeTarget "SymbolRoller_SwiftUITests" */;
			buildPhases = (
				9F75E8E92BCFBC99005FD4F1 /* Sources */,
				9F75E8EA2BCFBC99005FD4F1 /* Frameworks */,
				9F75E8EB2BCFBC99005FD4F1 /* Resources */,
			);
			buildRules = (
			);
			dependencies = (
				9F75E8EF2BCFBC99005FD4F1 /* PBXTargetDependency */,
			);
			name = SymbolRoller_SwiftUITests;
			productName = SymbolRoller_SwiftUITests;
			productReference = 9F75E8ED2BCFBC99005FD4F1 /* SymbolRoller_SwiftUITests.xctest */;
			productType = "com.apple.product-type.bundle.unit-test";
		};
		9F75E8F62BCFBC99005FD4F1 /* SymbolRoller_SwiftUIUITests */ = {
			isa = PBXNativeTarget;
			buildConfigurationList = 9F75E9072BCFBC99005FD4F1 /* Build configuration list for PBXNativeTarget "SymbolRoller_SwiftUIUITests" */;
			buildPhases = (
				9F75E8F32BCFBC99005FD4F1 /* Sources */,
				9F75E8F42BCFBC99005FD4F1 /* Frameworks */,
				9F75E8F52BCFBC99005FD4F1 /* Resources */,
			);
			buildRules = (
			);
			dependencies = (
				9F75E8F92BCFBC99005FD4F1 /* PBXTargetDependency */,
			);
			name = SymbolRoller_SwiftUIUITests;
			productName = SymbolRoller_SwiftUIUITests;
			productReference = 9F75E8F72BCFBC99005FD4F1 /* SymbolRoller_SwiftUIUITests.xctest */;
			productType = "com.apple.product-type.bundle.ui-testing";
		};
/* End PBXNativeTarget section */

/* Begin PBXProject section */
		9F75E8D52BCFBC98005FD4F1 /* Project object */ = {
			isa = PBXProject;
			attributes = {
				BuildIndependentTargetsInParallel = 1;
				LastSwiftUpdateCheck = 1520;
				LastUpgradeCheck = 1520;
				TargetAttributes = {
					9F75E8DC2BCFBC98005FD4F1 = {
						CreatedOnToolsVersion = 15.2;
					};
					9F75E8EC2BCFBC99005FD4F1 = {
						CreatedOnToolsVersion = 15.2;
						TestTargetID = 9F75E8DC2BCFBC98005FD4F1;
					};
					9F75E8F62BCFBC99005FD4F1 = {
						CreatedOnToolsVersion = 15.2;
						TestTargetID = 9F75E8DC2BCFBC98005FD4F1;
					};
				};
			};
			buildConfigurationList = 9F75E8D82BCFBC98005FD4F1 /* Build configuration list for PBXProject "SymbolRoller_SwiftUI" */;
			compatibilityVersion = "Xcode 14.0";
			developmentRegion = en;
			hasScannedForEncodings = 0;
			knownRegions = (
				en,
				Base,
			);
			mainGroup = 9F75E8D42BCFBC98005FD4F1;
			productRefGroup = 9F75E8DE2BCFBC98005FD4F1 /* Products */;
			projectDirPath = "";
			projectRoot = "";
			targets = (
				9F75E8DC2BCFBC98005FD4F1 /* SymbolRoller_SwiftUI */,
				9F75E8EC2BCFBC99005FD4F1 /* SymbolRoller_SwiftUITests */,
				9F75E8F62BCFBC99005FD4F1 /* SymbolRoller_SwiftUIUITests */,
			);
		};
/* End PBXProject section */

/* Begin PBXResourcesBuildPhase section */
		9F75E8DB2BCFBC98005FD4F1 /* Resources */ = {
			isa = PBXResourcesBuildPhase;
			buildActionMask = 2147483647;
			files = (
				9F75E8E82BCFBC99005FD4F1 /* Preview Assets.xcassets in Resources */,
				9F75E8E52BCFBC99005FD4F1 /* Assets.xcassets in Resources */,
			);
			runOnlyForDeploymentPostprocessing = 0;
		};
		9F75E8EB2BCFBC99005FD4F1 /* Resources */ = {
			isa = PBXResourcesBuildPhase;
			buildActionMask = 2147483647;
			files = (
			);
			runOnlyForDeploymentPostprocessing = 0;
		};
		9F75E8F52BCFBC99005FD4F1 /* Resources */ = {
			isa = PBXResourcesBuildPhase;
			buildActionMask = 2147483647;
			files = (
			);
			runOnlyForDeploymentPostprocessing = 0;
		};
/* End PBXResourcesBuildPhase section */

/* Begin PBXSourcesBuildPhase section */
		9F75E8D92BCFBC98005FD4F1 /* Sources */ = {
			isa = PBXSourcesBuildPhase;
			buildActionMask = 2147483647;
			files = (
				9F75E8E32BCFBC98005FD4F1 /* ContentView.swift in Sources */,
				9F75E8E12BCFBC98005FD4F1 /* SymbolRoller_SwiftUIApp.swift in Sources */,
			);
			runOnlyForDeploymentPostprocessing = 0;
		};
		9F75E8E92BCFBC99005FD4F1 /* Sources */ = {
			isa = PBXSourcesBuildPhase;
			buildActionMask = 2147483647;
			files = (
				9F75E8F22BCFBC99005FD4F1 /* SymbolRoller_SwiftUITests.swift in Sources */,
			);
			runOnlyForDeploymentPostprocessing = 0;
		};
		9F75E8F32BCFBC99005FD4F1 /* Sources */ = {
			isa = PBXSourcesBuildPhase;
			buildActionMask = 2147483647;
			files = (
				9F75E8FE2BCFBC99005FD4F1 /* SymbolRoller_SwiftUIUITestsLaunchTests.swift in Sources */,
				9F75E8FC2BCFBC99005FD4F1 /* SymbolRoller_SwiftUIUITests.swift in Sources */,
			);
			runOnlyForDeploymentPostprocessing = 0;
		};
/* End PBXSourcesBuildPhase section */

/* Begin PBXTargetDependency section */
		9F75E8EF2BCFBC99005FD4F1 /* PBXTargetDependency */ = {
			isa = PBXTargetDependency;
			target = 9F75E8DC2BCFBC98005FD4F1 /* SymbolRoller_SwiftUI */;
			targetProxy = 9F75E8EE2BCFBC99005FD4F1 /* PBXContainerItemProxy */;
		};
		9F75E8F92BCFBC99005FD4F1 /* PBXTargetDependency */ = {
			isa = PBXTargetDependency;
			target = 9F75E8DC2BCFBC98005FD4F1 /* SymbolRoller_SwiftUI */;
			targetProxy = 9F75E8F82BCFBC99005FD4F1 /* PBXContainerItemProxy */;
		};
/* End PBXTargetDependency section */

/* Begin XCBuildConfiguration section */
		9F75E8FF2BCFBC99005FD4F1 /* Debug */ = {
			isa = XCBuildConfiguration;
			buildSettings = {
				ALWAYS_SEARCH_USER_PATHS = NO;
				ASSETCATALOG_COMPILER_GENERATE_SWIFT_ASSET_SYMBOL_EXTENSIONS = YES;
				CLANG_ANALYZER_NONNULL = YES;
				CLANG_ANALYZER_NUMBER_OBJECT_CONVERSION = YES_AGGRESSIVE;
				CLANG_CXX_LANGUAGE_STANDARD = "gnu++20";
				CLANG_ENABLE_MODULES = YES;
				CLANG_ENABLE_OBJC_ARC = YES;
				CLANG_ENABLE_OBJC_WEAK = YES;
				CLANG_WARN_BLOCK_CAPTURE_AUTORELEASING = YES;
				CLANG_WARN_BOOL_CONVERSION = YES;
				CLANG_WARN_COMMA = YES;
				CLANG_WARN_CONSTANT_CONVERSION = YES;
				CLANG_WARN_DEPRECATED_OBJC_IMPLEMENTATIONS = YES;
				CLANG_WARN_DIRECT_OBJC_ISA_USAGE = YES_ERROR;
				CLANG_WARN_DOCUMENTATION_COMMENTS = YES;
				CLANG_WARN_EMPTY_BODY = YES;
				CLANG_WARN_ENUM_CONVERSION = YES;
				CLANG_WARN_INFINITE_RECURSION = YES;
				CLANG_WARN_INT_CONVERSION = YES;
				CLANG_WARN_NON_LITERAL_NULL_CONVERSION = YES;
				CLANG_WARN_OBJC_IMPLICIT_RETAIN_SELF = YES;
				CLANG_WARN_OBJC_LITERAL_CONVERSION = YES;
				CLANG_WARN_OBJC_ROOT_CLASS = YES_ERROR;
				CLANG_WARN_QUOTED_INCLUDE_IN_FRAMEWORK_HEADER = YES;
				CLANG_WARN_RANGE_LOOP_ANALYSIS = YES;
				CLANG_WARN_STRICT_PROTOTYPES = YES;
				CLANG_WARN_SUSPICIOUS_MOVE = YES;
				CLANG_WARN_UNGUARDED_AVAILABILITY = YES_AGGRESSIVE;
				CLANG_WARN_UNREACHABLE_CODE = YES;
				CLANG_WARN__DUPLICATE_METHOD_MATCH = YES;
				COPY_PHASE_STRIP = NO;
				DEBUG_INFORMATION_FORMAT = dwarf;
				ENABLE_STRICT_OBJC_MSGSEND = YES;
				ENABLE_TESTABILITY = YES;
				ENABLE_USER_SCRIPT_SANDBOXING = YES;
				GCC_C_LANGUAGE_STANDARD = gnu17;
				GCC_DYNAMIC_NO_PIC = NO;
				GCC_NO_COMMON_BLOCKS = YES;
				GCC_OPTIMIZATION_LEVEL = 0;
				GCC_PREPROCESSOR_DEFINITIONS = (
					"DEBUG=1",
					"$(inherited)",
				);
				GCC_WARN_64_TO_32_BIT_CONVERSION = YES;
				GCC_WARN_ABOUT_RETURN_TYPE = YES_ERROR;
				GCC_WARN_UNDECLARED_SELECTOR = YES;
				GCC_WARN_UNINITIALIZED_AUTOS = YES_AGGRESSIVE;
				GCC_WARN_UNUSED_FUNCTION = YES;
				GCC_WARN_UNUSED_VARIABLE = YES;
				IPHONEOS_DEPLOYMENT_TARGET = 17.2;
				LOCALIZATION_PREFERS_STRING_CATALOGS = YES;
				MTL_ENABLE_DEBUG_INFO = INCLUDE_SOURCE;
				MTL_FAST_MATH = YES;
				ONLY_ACTIVE_ARCH = YES;
				SDKROOT = iphoneos;
				SWIFT_ACTIVE_COMPILATION_CONDITIONS = "DEBUG $(inherited)";
				SWIFT_OPTIMIZATION_LEVEL = "-Onone";
			};
			name = Debug;
		};
		9F75E9002BCFBC99005FD4F1 /* Release */ = {
			isa = XCBuildConfiguration;
			buildSettings = {
				ALWAYS_SEARCH_USER_PATHS = NO;
				ASSETCATALOG_COMPILER_GENERATE_SWIFT_ASSET_SYMBOL_EXTENSIONS = YES;
				CLANG_ANALYZER_NONNULL = YES;
				CLANG_ANALYZER_NUMBER_OBJECT_CONVERSION = YES_AGGRESSIVE;
				CLANG_CXX_LANGUAGE_STANDARD = "gnu++20";
				CLANG_ENABLE_MODULES = YES;
				CLANG_ENABLE_OBJC_ARC = YES;
				CLANG_ENABLE_OBJC_WEAK = YES;
				CLANG_WARN_BLOCK_CAPTURE_AUTORELEASING = YES;
				CLANG_WARN_BOOL_CONVERSION = YES;
				CLANG_WARN_COMMA = YES;
				CLANG_WARN_CONSTANT_CONVERSION = YES;
				CLANG_WARN_DEPRECATED_OBJC_IMPLEMENTATIONS = YES;
				CLANG_WARN_DIRECT_OBJC_ISA_USAGE = YES_ERROR;
				CLANG_WARN_DOCUMENTATION_COMMENTS = YES;
				CLANG_WARN_EMPTY_BODY = YES;
				CLANG_WARN_ENUM_CONVERSION = YES;
				CLANG_WARN_INFINITE_RECURSION = YES;
				CLANG_WARN_INT_CONVERSION = YES;
				CLANG_WARN_NON_LITERAL_NULL_CONVERSION = YES;
				CLANG_WARN_OBJC_IMPLICIT_RETAIN_SELF = YES;
				CLANG_WARN_OBJC_LITERAL_CONVERSION = YES;
				CLANG_WARN_OBJC_ROOT_CLASS = YES_ERROR;
				CLANG_WARN_QUOTED_INCLUDE_IN_FRAMEWORK_HEADER = YES;
				CLANG_WARN_RANGE_LOOP_ANALYSIS = YES;
				CLANG_WARN_STRICT_PROTOTYPES = YES;
				CLANG_WARN_SUSPICIOUS_MOVE = YES;
				CLANG_WARN_UNGUARDED_AVAILABILITY = YES_AGGRESSIVE;
				CLANG_WARN_UNREACHABLE_CODE = YES;
				CLANG_WARN__DUPLICATE_METHOD_MATCH = YES;
				COPY_PHASE_STRIP = NO;
				DEBUG_INFORMATION_FORMAT = "dwarf-with-dsym";
				ENABLE_NS_ASSERTIONS = NO;
				ENABLE_STRICT_OBJC_MSGSEND = YES;
				ENABLE_USER_SCRIPT_SANDBOXING = YES;
				GCC_C_LANGUAGE_STANDARD = gnu17;
				GCC_NO_COMMON_BLOCKS = YES;
				GCC_WARN_64_TO_32_BIT_CONVERSION = YES;
				GCC_WARN_ABOUT_RETURN_TYPE = YES_ERROR;
				GCC_WARN_UNDECLARED_SELECTOR = YES;
				GCC_WARN_UNINITIALIZED_AUTOS = YES_AGGRESSIVE;
				GCC_WARN_UNUSED_FUNCTION = YES;
				GCC_WARN_UNUSED_VARIABLE = YES;
				IPHONEOS_DEPLOYMENT_TARGET = 17.2;
				LOCALIZATION_PREFERS_STRING_CATALOGS = YES;
				MTL_ENABLE_DEBUG_INFO = NO;
				MTL_FAST_MATH = YES;
				SDKROOT = iphoneos;
				SWIFT_COMPILATION_MODE = wholemodule;
				VALIDATE_PRODUCT = YES;
			};
			name = Release;
		};
		9F75E9022BCFBC99005FD4F1 /* Debug */ = {
			isa = XCBuildConfiguration;
			buildSettings = {
				ASSETCATALOG_COMPILER_APPICON_NAME = AppIcon;
				ASSETCATALOG_COMPILER_GLOBAL_ACCENT_COLOR_NAME = AccentColor;
				CODE_SIGN_STYLE = Automatic;
				CURRENT_PROJECT_VERSION = 1;
				DEVELOPMENT_ASSET_PATHS = "\"SymbolRoller_SwiftUI/Preview Content\"";
				DEVELOPMENT_TEAM = 7P5U4N4C5Z;
				ENABLE_PREVIEWS = YES;
				GENERATE_INFOPLIST_FILE = YES;
				INFOPLIST_KEY_UIApplicationSceneManifest_Generation = YES;
				INFOPLIST_KEY_UIApplicationSupportsIndirectInputEvents = YES;
				INFOPLIST_KEY_UILaunchScreen_Generation = YES;
				INFOPLIST_KEY_UISupportedInterfaceOrientations_iPad = "UIInterfaceOrientationPortrait UIInterfaceOrientationPortraitUpsideDown UIInterfaceOrientationLandscapeLeft UIInterfaceOrientationLandscapeRight";
				INFOPLIST_KEY_UISupportedInterfaceOrientations_iPhone = "UIInterfaceOrientationPortrait UIInterfaceOrientationLandscapeLeft UIInterfaceOrientationLandscapeRight";
				LD_RUNPATH_SEARCH_PATHS = (
					"$(inherited)",
					"@executable_path/Frameworks",
				);
				MARKETING_VERSION = 1.0;
				PRODUCT_BUNDLE_IDENTIFIER = "kr.gwanson.SymbolRoller-SwiftUI";
				PRODUCT_NAME = "$(TARGET_NAME)";
				SWIFT_EMIT_LOC_STRINGS = YES;
				SWIFT_VERSION = 5.0;
				TARGETED_DEVICE_FAMILY = "1,2";
			};
			name = Debug;
		};
		9F75E9032BCFBC99005FD4F1 /* Release */ = {
			isa = XCBuildConfiguration;
			buildSettings = {
				ASSETCATALOG_COMPILER_APPICON_NAME = AppIcon;
				ASSETCATALOG_COMPILER_GLOBAL_ACCENT_COLOR_NAME = AccentColor;
				CODE_SIGN_STYLE = Automatic;
				CURRENT_PROJECT_VERSION = 1;
				DEVELOPMENT_ASSET_PATHS = "\"SymbolRoller_SwiftUI/Preview Content\"";
				DEVELOPMENT_TEAM = 7P5U4N4C5Z;
				ENABLE_PREVIEWS = YES;
				GENERATE_INFOPLIST_FILE = YES;
				INFOPLIST_KEY_UIApplicationSceneManifest_Generation = YES;
				INFOPLIST_KEY_UIApplicationSupportsIndirectInputEvents = YES;
				INFOPLIST_KEY_UILaunchScreen_Generation = YES;
				INFOPLIST_KEY_UISupportedInterfaceOrientations_iPad = "UIInterfaceOrientationPortrait UIInterfaceOrientationPortraitUpsideDown UIInterfaceOrientationLandscapeLeft UIInterfaceOrientationLandscapeRight";
				INFOPLIST_KEY_UISupportedInterfaceOrientations_iPhone = "UIInterfaceOrientationPortrait UIInterfaceOrientationLandscapeLeft UIInterfaceOrientationLandscapeRight";
				LD_RUNPATH_SEARCH_PATHS = (
					"$(inherited)",
					"@executable_path/Frameworks",
				);
				MARKETING_VERSION = 1.0;
				PRODUCT_BUNDLE_IDENTIFIER = "kr.gwanson.SymbolRoller-SwiftUI";
				PRODUCT_NAME = "$(TARGET_NAME)";
				SWIFT_EMIT_LOC_STRINGS = YES;
				SWIFT_VERSION = 5.0;
				TARGETED_DEVICE_FAMILY = "1,2";
			};
			name = Release;
		};
		9F75E9052BCFBC99005FD4F1 /* Debug */ = {
			isa = XCBuildConfiguration;
			buildSettings = {
				ALWAYS_EMBED_SWIFT_STANDARD_LIBRARIES = YES;
				BUNDLE_LOADER = "$(TEST_HOST)";
				CODE_SIGN_STYLE = Automatic;
				CURRENT_PROJECT_VERSION = 1;
				DEVELOPMENT_TEAM = 7P5U4N4C5Z;
				GENERATE_INFOPLIST_FILE = YES;
				IPHONEOS_DEPLOYMENT_TARGET = 17.2;
				MARKETING_VERSION = 1.0;
				PRODUCT_BUNDLE_IDENTIFIER = "kr.gwanson.SymbolRoller-SwiftUITests";
				PRODUCT_NAME = "$(TARGET_NAME)";
				SWIFT_EMIT_LOC_STRINGS = NO;
				SWIFT_VERSION = 5.0;
				TARGETED_DEVICE_FAMILY = "1,2";
				TEST_HOST = "$(BUILT_PRODUCTS_DIR)/SymbolRoller_SwiftUI.app/$(BUNDLE_EXECUTABLE_FOLDER_PATH)/SymbolRoller_SwiftUI";
			};
			name = Debug;
		};
		9F75E9062BCFBC99005FD4F1 /* Release */ = {
			isa = XCBuildConfiguration;
			buildSettings = {
				ALWAYS_EMBED_SWIFT_STANDARD_LIBRARIES = YES;
				BUNDLE_LOADER = "$(TEST_HOST)";
				CODE_SIGN_STYLE = Automatic;
				CURRENT_PROJECT_VERSION = 1;
				DEVELOPMENT_TEAM = 7P5U4N4C5Z;
				GENERATE_INFOPLIST_FILE = YES;
				IPHONEOS_DEPLOYMENT_TARGET = 17.2;
				MARKETING_VERSION = 1.0;
				PRODUCT_BUNDLE_IDENTIFIER = "kr.gwanson.SymbolRoller-SwiftUITests";
				PRODUCT_NAME = "$(TARGET_NAME)";
				SWIFT_EMIT_LOC_STRINGS = NO;
				SWIFT_VERSION = 5.0;
				TARGETED_DEVICE_FAMILY = "1,2";
				TEST_HOST = "$(BUILT_PRODUCTS_DIR)/SymbolRoller_SwiftUI.app/$(BUNDLE_EXECUTABLE_FOLDER_PATH)/SymbolRoller_SwiftUI";
			};
			name = Release;
		};
		9F75E9082BCFBC99005FD4F1 /* Debug */ = {
			isa = XCBuildConfiguration;
			buildSettings = {
				ALWAYS_EMBED_SWIFT_STANDARD_LIBRARIES = YES;
				CODE_SIGN_STYLE = Automatic;
				CURRENT_PROJECT_VERSION = 1;
				DEVELOPMENT_TEAM = 7P5U4N4C5Z;
				GENERATE_INFOPLIST_FILE = YES;
				MARKETING_VERSION = 1.0;
				PRODUCT_BUNDLE_IDENTIFIER = "kr.gwanson.SymbolRoller-SwiftUIUITests";
				PRODUCT_NAME = "$(TARGET_NAME)";
				SWIFT_EMIT_LOC_STRINGS = NO;
				SWIFT_VERSION = 5.0;
				TARGETED_DEVICE_FAMILY = "1,2";
				TEST_TARGET_NAME = SymbolRoller_SwiftUI;
			};
			name = Debug;
		};
		9F75E9092BCFBC99005FD4F1 /* Release */ = {
			isa = XCBuildConfiguration;
			buildSettings = {
				ALWAYS_EMBED_SWIFT_STANDARD_LIBRARIES = YES;
				CODE_SIGN_STYLE = Automatic;
				CURRENT_PROJECT_VERSION = 1;
				DEVELOPMENT_TEAM = 7P5U4N4C5Z;
				GENERATE_INFOPLIST_FILE = YES;
				MARKETING_VERSION = 1.0;
				PRODUCT_BUNDLE_IDENTIFIER = "kr.gwanson.SymbolRoller-SwiftUIUITests";
				PRODUCT_NAME = "$(TARGET_NAME)";
				SWIFT_EMIT_LOC_STRINGS = NO;
				SWIFT_VERSION = 5.0;
				TARGETED_DEVICE_FAMILY = "1,2";
				TEST_TARGET_NAME = SymbolRoller_SwiftUI;
			};
			name = Release;
		};
/* End XCBuildConfiguration section */

/* Begin XCConfigurationList section */
		9F75E8D82BCFBC98005FD4F1 /* Build configuration list for PBXProject "SymbolRoller_SwiftUI" */ = {
			isa = XCConfigurationList;
			buildConfigurations = (
				9F75E8FF2BCFBC99005FD4F1 /* Debug */,
				9F75E9002BCFBC99005FD4F1 /* Release */,
			);
			defaultConfigurationIsVisible = 0;
			defaultConfigurationName = Release;
		};
		9F75E9012BCFBC99005FD4F1 /* Build configuration list for PBXNativeTarget "SymbolRoller_SwiftUI" */ = {
			isa = XCConfigurationList;
			buildConfigurations = (
				9F75E9022BCFBC99005FD4F1 /* Debug */,
				9F75E9032BCFBC99005FD4F1 /* Release */,
			);
			defaultConfigurationIsVisible = 0;
			defaultConfigurationName = Release;
		};
		9F75E9042BCFBC99005FD4F1 /* Build configuration list for PBXNativeTarget "SymbolRoller_SwiftUITests" */ = {
			isa = XCConfigurationList;
			buildConfigurations = (
				9F75E9052BCFBC99005FD4F1 /* Debug */,
				9F75E9062BCFBC99005FD4F1 /* Release */,
			);
			defaultConfigurationIsVisible = 0;
			defaultConfigurationName = Release;
		};
		9F75E9072BCFBC99005FD4F1 /* Build configuration list for PBXNativeTarget "SymbolRoller_SwiftUIUITests" */ = {
			isa = XCConfigurationList;
			buildConfigurations = (
				9F75E9082BCFBC99005FD4F1 /* Debug */,
				9F75E9092BCFBC99005FD4F1 /* Release */,
			);
			defaultConfigurationIsVisible = 0;
			defaultConfigurationName = Release;
		};
/* End XCConfigurationList section */
	};
	rootObject = 9F75E8D52BCFBC98005FD4F1 /* Project object */;
}
