// !$*UTF8*$!
{
	archiveVersion = 1;
	classes = {
	};
	objectVersion = 56;
	objects = {

/* Begin PBXBuildFile section */
		9F75E8672BCFA13C005FD4F1 /* SwiftUI_BasicApp.swift in Sources */ = {isa = PBXBuildFile; fileRef = 9F75E8662BCFA13C005FD4F1 /* SwiftUI_BasicApp.swift */; };
		9F75E8692BCFA13C005FD4F1 /* ContentView.swift in Sources */ = {isa = PBXBuildFile; fileRef = 9F75E8682BCFA13C005FD4F1 /* ContentView.swift */; };
		9F75E86B2BCFA13D005FD4F1 /* Assets.xcassets in Resources */ = {isa = PBXBuildFile; fileRef = 9F75E86A2BCFA13D005FD4F1 /* Assets.xcassets */; };
		9F75E86E2BCFA13D005FD4F1 /* Preview Assets.xcassets in Resources */ = {isa = PBXBuildFile; fileRef = 9F75E86D2BCFA13D005FD4F1 /* Preview Assets.xcassets */; };
		9F75E8782BCFA13D005FD4F1 /* SwiftUI_BasicTests.swift in Sources */ = {isa = PBXBuildFile; fileRef = 9F75E8772BCFA13D005FD4F1 /* SwiftUI_BasicTests.swift */; };
		9F75E8822BCFA13D005FD4F1 /* SwiftUI_BasicUITests.swift in Sources */ = {isa = PBXBuildFile; fileRef = 9F75E8812BCFA13D005FD4F1 /* SwiftUI_BasicUITests.swift */; };
		9F75E8842BCFA13D005FD4F1 /* SwiftUI_BasicUITestsLaunchTests.swift in Sources */ = {isa = PBXBuildFile; fileRef = 9F75E8832BCFA13D005FD4F1 /* SwiftUI_BasicUITestsLaunchTests.swift */; };
		9F75E8912BCFA1DE005FD4F1 /* TextView.swift in Sources */ = {isa = PBXBuildFile; fileRef = 9F75E8902BCFA1DE005FD4F1 /* TextView.swift */; };
		9F75E8932BCFA206005FD4F1 /* ButtonView.swift in Sources */ = {isa = PBXBuildFile; fileRef = 9F75E8922BCFA206005FD4F1 /* ButtonView.swift */; };
		9F75E8952BCFA255005FD4F1 /* ImageView.swift in Sources */ = {isa = PBXBuildFile; fileRef = 9F75E8942BCFA255005FD4F1 /* ImageView.swift */; };
/* End PBXBuildFile section */

/* Begin PBXContainerItemProxy section */
		9F75E8742BCFA13D005FD4F1 /* PBXContainerItemProxy */ = {
			isa = PBXContainerItemProxy;
			containerPortal = 9F75E85B2BCFA13C005FD4F1 /* Project object */;
			proxyType = 1;
			remoteGlobalIDString = 9F75E8622BCFA13C005FD4F1;
			remoteInfo = "SwiftUI-Basic";
		};
		9F75E87E2BCFA13D005FD4F1 /* PBXContainerItemProxy */ = {
			isa = PBXContainerItemProxy;
			containerPortal = 9F75E85B2BCFA13C005FD4F1 /* Project object */;
			proxyType = 1;
			remoteGlobalIDString = 9F75E8622BCFA13C005FD4F1;
			remoteInfo = "SwiftUI-Basic";
		};
/* End PBXContainerItemProxy section */

/* Begin PBXFileReference section */
		9F75E8632BCFA13C005FD4F1 /* SwiftUI-Basic.app */ = {isa = PBXFileReference; explicitFileType = wrapper.application; includeInIndex = 0; path = "SwiftUI-Basic.app"; sourceTree = BUILT_PRODUCTS_DIR; };
		9F75E8662BCFA13C005FD4F1 /* SwiftUI_BasicApp.swift */ = {isa = PBXFileReference; lastKnownFileType = sourcecode.swift; path = SwiftUI_BasicApp.swift; sourceTree = "<group>"; };
		9F75E8682BCFA13C005FD4F1 /* ContentView.swift */ = {isa = PBXFileReference; lastKnownFileType = sourcecode.swift; path = ContentView.swift; sourceTree = "<group>"; };
		9F75E86A2BCFA13D005FD4F1 /* Assets.xcassets */ = {isa = PBXFileReference; lastKnownFileType = folder.assetcatalog; path = Assets.xcassets; sourceTree = "<group>"; };
		9F75E86D2BCFA13D005FD4F1 /* Preview Assets.xcassets */ = {isa = PBXFileReference; lastKnownFileType = folder.assetcatalog; path = "Preview Assets.xcassets"; sourceTree = "<group>"; };
		9F75E8732BCFA13D005FD4F1 /* SwiftUI-BasicTests.xctest */ = {isa = PBXFileReference; explicitFileType = wrapper.cfbundle; includeInIndex = 0; path = "SwiftUI-BasicTests.xctest"; sourceTree = BUILT_PRODUCTS_DIR; };
		9F75E8772BCFA13D005FD4F1 /* SwiftUI_BasicTests.swift */ = {isa = PBXFileReference; lastKnownFileType = sourcecode.swift; path = SwiftUI_BasicTests.swift; sourceTree = "<group>"; };
		9F75E87D2BCFA13D005FD4F1 /* SwiftUI-BasicUITests.xctest */ = {isa = PBXFileReference; explicitFileType = wrapper.cfbundle; includeInIndex = 0; path = "SwiftUI-BasicUITests.xctest"; sourceTree = BUILT_PRODUCTS_DIR; };
		9F75E8812BCFA13D005FD4F1 /* SwiftUI_BasicUITests.swift */ = {isa = PBXFileReference; lastKnownFileType = sourcecode.swift; path = SwiftUI_BasicUITests.swift; sourceTree = "<group>"; };
		9F75E8832BCFA13D005FD4F1 /* SwiftUI_BasicUITestsLaunchTests.swift */ = {isa = PBXFileReference; lastKnownFileType = sourcecode.swift; path = SwiftUI_BasicUITestsLaunchTests.swift; sourceTree = "<group>"; };
		9F75E8902BCFA1DE005FD4F1 /* TextView.swift */ = {isa = PBXFileReference; lastKnownFileType = sourcecode.swift; path = TextView.swift; sourceTree = "<group>"; };
		9F75E8922BCFA206005FD4F1 /* ButtonView.swift */ = {isa = PBXFileReference; lastKnownFileType = sourcecode.swift; path = ButtonView.swift; sourceTree = "<group>"; };
		9F75E8942BCFA255005FD4F1 /* ImageView.swift */ = {isa = PBXFileReference; lastKnownFileType = sourcecode.swift; path = ImageView.swift; sourceTree = "<group>"; };
/* End PBXFileReference section */

/* Begin PBXFrameworksBuildPhase section */
		9F75E8602BCFA13C005FD4F1 /* Frameworks */ = {
			isa = PBXFrameworksBuildPhase;
			buildActionMask = 2147483647;
			files = (
			);
			runOnlyForDeploymentPostprocessing = 0;
		};
		9F75E8702BCFA13D005FD4F1 /* Frameworks */ = {
			isa = PBXFrameworksBuildPhase;
			buildActionMask = 2147483647;
			files = (
			);
			runOnlyForDeploymentPostprocessing = 0;
		};
		9F75E87A2BCFA13D005FD4F1 /* Frameworks */ = {
			isa = PBXFrameworksBuildPhase;
			buildActionMask = 2147483647;
			files = (
			);
			runOnlyForDeploymentPostprocessing = 0;
		};
/* End PBXFrameworksBuildPhase section */

/* Begin PBXGroup section */
		9F75E85A2BCFA13C005FD4F1 = {
			isa = PBXGroup;
			children = (
				9F75E8652BCFA13C005FD4F1 /* SwiftUI-Basic */,
				9F75E8762BCFA13D005FD4F1 /* SwiftUI-BasicTests */,
				9F75E8802BCFA13D005FD4F1 /* SwiftUI-BasicUITests */,
				9F75E8642BCFA13C005FD4F1 /* Products */,
			);
			sourceTree = "<group>";
		};
		9F75E8642BCFA13C005FD4F1 /* Products */ = {
			isa = PBXGroup;
			children = (
				9F75E8632BCFA13C005FD4F1 /* SwiftUI-Basic.app */,
				9F75E8732BCFA13D005FD4F1 /* SwiftUI-BasicTests.xctest */,
				9F75E87D2BCFA13D005FD4F1 /* SwiftUI-BasicUITests.xctest */,
			);
			name = Products;
			sourceTree = "<group>";
		};
		9F75E8652BCFA13C005FD4F1 /* SwiftUI-Basic */ = {
			isa = PBXGroup;
			children = (
				9F75E8662BCFA13C005FD4F1 /* SwiftUI_BasicApp.swift */,
				9F75E8682BCFA13C005FD4F1 /* ContentView.swift */,
				9F75E8902BCFA1DE005FD4F1 /* TextView.swift */,
				9F75E8922BCFA206005FD4F1 /* ButtonView.swift */,
				9F75E8942BCFA255005FD4F1 /* ImageView.swift */,
				9F75E86A2BCFA13D005FD4F1 /* Assets.xcassets */,
				9F75E86C2BCFA13D005FD4F1 /* Preview Content */,
			);
			path = "SwiftUI-Basic";
			sourceTree = "<group>";
		};
		9F75E86C2BCFA13D005FD4F1 /* Preview Content */ = {
			isa = PBXGroup;
			children = (
				9F75E86D2BCFA13D005FD4F1 /* Preview Assets.xcassets */,
			);
			path = "Preview Content";
			sourceTree = "<group>";
		};
		9F75E8762BCFA13D005FD4F1 /* SwiftUI-BasicTests */ = {
			isa = PBXGroup;
			children = (
				9F75E8772BCFA13D005FD4F1 /* SwiftUI_BasicTests.swift */,
			);
			path = "SwiftUI-BasicTests";
			sourceTree = "<group>";
		};
		9F75E8802BCFA13D005FD4F1 /* SwiftUI-BasicUITests */ = {
			isa = PBXGroup;
			children = (
				9F75E8812BCFA13D005FD4F1 /* SwiftUI_BasicUITests.swift */,
				9F75E8832BCFA13D005FD4F1 /* SwiftUI_BasicUITestsLaunchTests.swift */,
			);
			path = "SwiftUI-BasicUITests";
			sourceTree = "<group>";
		};
/* End PBXGroup section */

/* Begin PBXNativeTarget section */
		9F75E8622BCFA13C005FD4F1 /* SwiftUI-Basic */ = {
			isa = PBXNativeTarget;
			buildConfigurationList = 9F75E8872BCFA13D005FD4F1 /* Build configuration list for PBXNativeTarget "SwiftUI-Basic" */;
			buildPhases = (
				9F75E85F2BCFA13C005FD4F1 /* Sources */,
				9F75E8602BCFA13C005FD4F1 /* Frameworks */,
				9F75E8612BCFA13C005FD4F1 /* Resources */,
			);
			buildRules = (
			);
			dependencies = (
			);
			name = "SwiftUI-Basic";
			productName = "SwiftUI-Basic";
			productReference = 9F75E8632BCFA13C005FD4F1 /* SwiftUI-Basic.app */;
			productType = "com.apple.product-type.application";
		};
		9F75E8722BCFA13D005FD4F1 /* SwiftUI-BasicTests */ = {
			isa = PBXNativeTarget;
			buildConfigurationList = 9F75E88A2BCFA13D005FD4F1 /* Build configuration list for PBXNativeTarget "SwiftUI-BasicTests" */;
			buildPhases = (
				9F75E86F2BCFA13D005FD4F1 /* Sources */,
				9F75E8702BCFA13D005FD4F1 /* Frameworks */,
				9F75E8712BCFA13D005FD4F1 /* Resources */,
			);
			buildRules = (
			);
			dependencies = (
				9F75E8752BCFA13D005FD4F1 /* PBXTargetDependency */,
			);
			name = "SwiftUI-BasicTests";
			productName = "SwiftUI-BasicTests";
			productReference = 9F75E8732BCFA13D005FD4F1 /* SwiftUI-BasicTests.xctest */;
			productType = "com.apple.product-type.bundle.unit-test";
		};
		9F75E87C2BCFA13D005FD4F1 /* SwiftUI-BasicUITests */ = {
			isa = PBXNativeTarget;
			buildConfigurationList = 9F75E88D2BCFA13D005FD4F1 /* Build configuration list for PBXNativeTarget "SwiftUI-BasicUITests" */;
			buildPhases = (
				9F75E8792BCFA13D005FD4F1 /* Sources */,
				9F75E87A2BCFA13D005FD4F1 /* Frameworks */,
				9F75E87B2BCFA13D005FD4F1 /* Resources */,
			);
			buildRules = (
			);
			dependencies = (
				9F75E87F2BCFA13D005FD4F1 /* PBXTargetDependency */,
			);
			name = "SwiftUI-BasicUITests";
			productName = "SwiftUI-BasicUITests";
			productReference = 9F75E87D2BCFA13D005FD4F1 /* SwiftUI-BasicUITests.xctest */;
			productType = "com.apple.product-type.bundle.ui-testing";
		};
/* End PBXNativeTarget section */

/* Begin PBXProject section */
		9F75E85B2BCFA13C005FD4F1 /* Project object */ = {
			isa = PBXProject;
			attributes = {
				BuildIndependentTargetsInParallel = 1;
				LastSwiftUpdateCheck = 1520;
				LastUpgradeCheck = 1520;
				TargetAttributes = {
					9F75E8622BCFA13C005FD4F1 = {
						CreatedOnToolsVersion = 15.2;
					};
					9F75E8722BCFA13D005FD4F1 = {
						CreatedOnToolsVersion = 15.2;
						TestTargetID = 9F75E8622BCFA13C005FD4F1;
					};
					9F75E87C2BCFA13D005FD4F1 = {
						CreatedOnToolsVersion = 15.2;
						TestTargetID = 9F75E8622BCFA13C005FD4F1;
					};
				};
			};
			buildConfigurationList = 9F75E85E2BCFA13C005FD4F1 /* Build configuration list for PBXProject "SwiftUI-Basic" */;
			compatibilityVersion = "Xcode 14.0";
			developmentRegion = en;
			hasScannedForEncodings = 0;
			knownRegions = (
				en,
				Base,
			);
			mainGroup = 9F75E85A2BCFA13C005FD4F1;
			productRefGroup = 9F75E8642BCFA13C005FD4F1 /* Products */;
			projectDirPath = "";
			projectRoot = "";
			targets = (
				9F75E8622BCFA13C005FD4F1 /* SwiftUI-Basic */,
				9F75E8722BCFA13D005FD4F1 /* SwiftUI-BasicTests */,
				9F75E87C2BCFA13D005FD4F1 /* SwiftUI-BasicUITests */,
			);
		};
/* End PBXProject section */

/* Begin PBXResourcesBuildPhase section */
		9F75E8612BCFA13C005FD4F1 /* Resources */ = {
			isa = PBXResourcesBuildPhase;
			buildActionMask = 2147483647;
			files = (
				9F75E86E2BCFA13D005FD4F1 /* Preview Assets.xcassets in Resources */,
				9F75E86B2BCFA13D005FD4F1 /* Assets.xcassets in Resources */,
			);
			runOnlyForDeploymentPostprocessing = 0;
		};
		9F75E8712BCFA13D005FD4F1 /* Resources */ = {
			isa = PBXResourcesBuildPhase;
			buildActionMask = 2147483647;
			files = (
			);
			runOnlyForDeploymentPostprocessing = 0;
		};
		9F75E87B2BCFA13D005FD4F1 /* Resources */ = {
			isa = PBXResourcesBuildPhase;
			buildActionMask = 2147483647;
			files = (
			);
			runOnlyForDeploymentPostprocessing = 0;
		};
/* End PBXResourcesBuildPhase section */

/* Begin PBXSourcesBuildPhase section */
		9F75E85F2BCFA13C005FD4F1 /* Sources */ = {
			isa = PBXSourcesBuildPhase;
			buildActionMask = 2147483647;
			files = (
				9F75E8952BCFA255005FD4F1 /* ImageView.swift in Sources */,
				9F75E8912BCFA1DE005FD4F1 /* TextView.swift in Sources */,
				9F75E8692BCFA13C005FD4F1 /* ContentView.swift in Sources */,
				9F75E8932BCFA206005FD4F1 /* ButtonView.swift in Sources */,
				9F75E8672BCFA13C005FD4F1 /* SwiftUI_BasicApp.swift in Sources */,
			);
			runOnlyForDeploymentPostprocessing = 0;
		};
		9F75E86F2BCFA13D005FD4F1 /* Sources */ = {
			isa = PBXSourcesBuildPhase;
			buildActionMask = 2147483647;
			files = (
				9F75E8782BCFA13D005FD4F1 /* SwiftUI_BasicTests.swift in Sources */,
			);
			runOnlyForDeploymentPostprocessing = 0;
		};
		9F75E8792BCFA13D005FD4F1 /* Sources */ = {
			isa = PBXSourcesBuildPhase;
			buildActionMask = 2147483647;
			files = (
				9F75E8822BCFA13D005FD4F1 /* SwiftUI_BasicUITests.swift in Sources */,
				9F75E8842BCFA13D005FD4F1 /* SwiftUI_BasicUITestsLaunchTests.swift in Sources */,
			);
			runOnlyForDeploymentPostprocessing = 0;
		};
/* End PBXSourcesBuildPhase section */

/* Begin PBXTargetDependency section */
		9F75E8752BCFA13D005FD4F1 /* PBXTargetDependency */ = {
			isa = PBXTargetDependency;
			target = 9F75E8622BCFA13C005FD4F1 /* SwiftUI-Basic */;
			targetProxy = 9F75E8742BCFA13D005FD4F1 /* PBXContainerItemProxy */;
		};
		9F75E87F2BCFA13D005FD4F1 /* PBXTargetDependency */ = {
			isa = PBXTargetDependency;
			target = 9F75E8622BCFA13C005FD4F1 /* SwiftUI-Basic */;
			targetProxy = 9F75E87E2BCFA13D005FD4F1 /* PBXContainerItemProxy */;
		};
/* End PBXTargetDependency section */

/* Begin XCBuildConfiguration section */
		9F75E8852BCFA13D005FD4F1 /* Debug */ = {
			isa = XCBuildConfiguration;
			buildSettings = {
				ALWAYS_SEARCH_USER_PATHS = NO;
				ASSETCATALOG_COMPILER_GENERATE_SWIFT_ASSET_SYMBOL_EXTENSIONS = YES;
				CLANG_ANALYZER_NONNULL = YES;
				CLANG_ANALYZER_NUMBER_OBJECT_CONVERSION = YES_AGGRESSIVE;
				CLANG_CXX_LANGUAGE_STANDARD = "gnu++20";
				CLANG_ENABLE_MODULES = YES;
				CLANG_ENABLE_OBJC_ARC = YES;
				CLANG_ENABLE_OBJC_WEAK = YES;
				CLANG_WARN_BLOCK_CAPTURE_AUTORELEASING = YES;
				CLANG_WARN_BOOL_CONVERSION = YES;
				CLANG_WARN_COMMA = YES;
				CLANG_WARN_CONSTANT_CONVERSION = YES;
				CLANG_WARN_DEPRECATED_OBJC_IMPLEMENTATIONS = YES;
				CLANG_WARN_DIRECT_OBJC_ISA_USAGE = YES_ERROR;
				CLANG_WARN_DOCUMENTATION_COMMENTS = YES;
				CLANG_WARN_EMPTY_BODY = YES;
				CLANG_WARN_ENUM_CONVERSION = YES;
				CLANG_WARN_INFINITE_RECURSION = YES;
				CLANG_WARN_INT_CONVERSION = YES;
				CLANG_WARN_NON_LITERAL_NULL_CONVERSION = YES;
				CLANG_WARN_OBJC_IMPLICIT_RETAIN_SELF = YES;
				CLANG_WARN_OBJC_LITERAL_CONVERSION = YES;
				CLANG_WARN_OBJC_ROOT_CLASS = YES_ERROR;
				CLANG_WARN_QUOTED_INCLUDE_IN_FRAMEWORK_HEADER = YES;
				CLANG_WARN_RANGE_LOOP_ANALYSIS = YES;
				CLANG_WARN_STRICT_PROTOTYPES = YES;
				CLANG_WARN_SUSPICIOUS_MOVE = YES;
				CLANG_WARN_UNGUARDED_AVAILABILITY = YES_AGGRESSIVE;
				CLANG_WARN_UNREACHABLE_CODE = YES;
				CLANG_WARN__DUPLICATE_METHOD_MATCH = YES;
				COPY_PHASE_STRIP = NO;
				DEBUG_INFORMATION_FORMAT = dwarf;
				ENABLE_STRICT_OBJC_MSGSEND = YES;
				ENABLE_TESTABILITY = YES;
				ENABLE_USER_SCRIPT_SANDBOXING = YES;
				GCC_C_LANGUAGE_STANDARD = gnu17;
				GCC_DYNAMIC_NO_PIC = NO;
				GCC_NO_COMMON_BLOCKS = YES;
				GCC_OPTIMIZATION_LEVEL = 0;
				GCC_PREPROCESSOR_DEFINITIONS = (
					"DEBUG=1",
					"$(inherited)",
				);
				GCC_WARN_64_TO_32_BIT_CONVERSION = YES;
				GCC_WARN_ABOUT_RETURN_TYPE = YES_ERROR;
				GCC_WARN_UNDECLARED_SELECTOR = YES;
				GCC_WARN_UNINITIALIZED_AUTOS = YES_AGGRESSIVE;
				GCC_WARN_UNUSED_FUNCTION = YES;
				GCC_WARN_UNUSED_VARIABLE = YES;
				IPHONEOS_DEPLOYMENT_TARGET = 17.2;
				LOCALIZATION_PREFERS_STRING_CATALOGS = YES;
				MTL_ENABLE_DEBUG_INFO = INCLUDE_SOURCE;
				MTL_FAST_MATH = YES;
				ONLY_ACTIVE_ARCH = YES;
				SDKROOT = iphoneos;
				SWIFT_ACTIVE_COMPILATION_CONDITIONS = "DEBUG $(inherited)";
				SWIFT_OPTIMIZATION_LEVEL = "-Onone";
			};
			name = Debug;
		};
		9F75E8862BCFA13D005FD4F1 /* Release */ = {
			isa = XCBuildConfiguration;
			buildSettings = {
				ALWAYS_SEARCH_USER_PATHS = NO;
				ASSETCATALOG_COMPILER_GENERATE_SWIFT_ASSET_SYMBOL_EXTENSIONS = YES;
				CLANG_ANALYZER_NONNULL = YES;
				CLANG_ANALYZER_NUMBER_OBJECT_CONVERSION = YES_AGGRESSIVE;
				CLANG_CXX_LANGUAGE_STANDARD = "gnu++20";
				CLANG_ENABLE_MODULES = YES;
				CLANG_ENABLE_OBJC_ARC = YES;
				CLANG_ENABLE_OBJC_WEAK = YES;
				CLANG_WARN_BLOCK_CAPTURE_AUTORELEASING = YES;
				CLANG_WARN_BOOL_CONVERSION = YES;
				CLANG_WARN_COMMA = YES;
				CLANG_WARN_CONSTANT_CONVERSION = YES;
				CLANG_WARN_DEPRECATED_OBJC_IMPLEMENTATIONS = YES;
				CLANG_WARN_DIRECT_OBJC_ISA_USAGE = YES_ERROR;
				CLANG_WARN_DOCUMENTATION_COMMENTS = YES;
				CLANG_WARN_EMPTY_BODY = YES;
				CLANG_WARN_ENUM_CONVERSION = YES;
				CLANG_WARN_INFINITE_RECURSION = YES;
				CLANG_WARN_INT_CONVERSION = YES;
				CLANG_WARN_NON_LITERAL_NULL_CONVERSION = YES;
				CLANG_WARN_OBJC_IMPLICIT_RETAIN_SELF = YES;
				CLANG_WARN_OBJC_LITERAL_CONVERSION = YES;
				CLANG_WARN_OBJC_ROOT_CLASS = YES_ERROR;
				CLANG_WARN_QUOTED_INCLUDE_IN_FRAMEWORK_HEADER = YES;
				CLANG_WARN_RANGE_LOOP_ANALYSIS = YES;
				CLANG_WARN_STRICT_PROTOTYPES = YES;
				CLANG_WARN_SUSPICIOUS_MOVE = YES;
				CLANG_WARN_UNGUARDED_AVAILABILITY = YES_AGGRESSIVE;
				CLANG_WARN_UNREACHABLE_CODE = YES;
				CLANG_WARN__DUPLICATE_METHOD_MATCH = YES;
				COPY_PHASE_STRIP = NO;
				DEBUG_INFORMATION_FORMAT = "dwarf-with-dsym";
				ENABLE_NS_ASSERTIONS = NO;
				ENABLE_STRICT_OBJC_MSGSEND = YES;
				ENABLE_USER_SCRIPT_SANDBOXING = YES;
				GCC_C_LANGUAGE_STANDARD = gnu17;
				GCC_NO_COMMON_BLOCKS = YES;
				GCC_WARN_64_TO_32_BIT_CONVERSION = YES;
				GCC_WARN_ABOUT_RETURN_TYPE = YES_ERROR;
				GCC_WARN_UNDECLARED_SELECTOR = YES;
				GCC_WARN_UNINITIALIZED_AUTOS = YES_AGGRESSIVE;
				GCC_WARN_UNUSED_FUNCTION = YES;
				GCC_WARN_UNUSED_VARIABLE = YES;
				IPHONEOS_DEPLOYMENT_TARGET = 17.2;
				LOCALIZATION_PREFERS_STRING_CATALOGS = YES;
				MTL_ENABLE_DEBUG_INFO = NO;
				MTL_FAST_MATH = YES;
				SDKROOT = iphoneos;
				SWIFT_COMPILATION_MODE = wholemodule;
				VALIDATE_PRODUCT = YES;
			};
			name = Release;
		};
		9F75E8882BCFA13D005FD4F1 /* Debug */ = {
			isa = XCBuildConfiguration;
			buildSettings = {
				ASSETCATALOG_COMPILER_APPICON_NAME = AppIcon;
				ASSETCATALOG_COMPILER_GLOBAL_ACCENT_COLOR_NAME = AccentColor;
				CODE_SIGN_STYLE = Automatic;
				CURRENT_PROJECT_VERSION = 1;
				DEVELOPMENT_ASSET_PATHS = "\"SwiftUI-Basic/Preview Content\"";
				DEVELOPMENT_TEAM = 7P5U4N4C5Z;
				ENABLE_PREVIEWS = YES;
				GENERATE_INFOPLIST_FILE = YES;
				INFOPLIST_KEY_UIApplicationSceneManifest_Generation = YES;
				INFOPLIST_KEY_UIApplicationSupportsIndirectInputEvents = YES;
				INFOPLIST_KEY_UILaunchScreen_Generation = YES;
				INFOPLIST_KEY_UISupportedInterfaceOrientations_iPad = "UIInterfaceOrientationPortrait UIInterfaceOrientationPortraitUpsideDown UIInterfaceOrientationLandscapeLeft UIInterfaceOrientationLandscapeRight";
				INFOPLIST_KEY_UISupportedInterfaceOrientations_iPhone = "UIInterfaceOrientationPortrait UIInterfaceOrientationLandscapeLeft UIInterfaceOrientationLandscapeRight";
				LD_RUNPATH_SEARCH_PATHS = (
					"$(inherited)",
					"@executable_path/Frameworks",
				);
				MARKETING_VERSION = 1.0;
				PRODUCT_BUNDLE_IDENTIFIER = "kr.gwanson.SwiftUI-Basic";
				PRODUCT_NAME = "$(TARGET_NAME)";
				SWIFT_EMIT_LOC_STRINGS = YES;
				SWIFT_VERSION = 5.0;
				TARGETED_DEVICE_FAMILY = "1,2";
			};
			name = Debug;
		};
		9F75E8892BCFA13D005FD4F1 /* Release */ = {
			isa = XCBuildConfiguration;
			buildSettings = {
				ASSETCATALOG_COMPILER_APPICON_NAME = AppIcon;
				ASSETCATALOG_COMPILER_GLOBAL_ACCENT_COLOR_NAME = AccentColor;
				CODE_SIGN_STYLE = Automatic;
				CURRENT_PROJECT_VERSION = 1;
				DEVELOPMENT_ASSET_PATHS = "\"SwiftUI-Basic/Preview Content\"";
				DEVELOPMENT_TEAM = 7P5U4N4C5Z;
				ENABLE_PREVIEWS = YES;
				GENERATE_INFOPLIST_FILE = YES;
				INFOPLIST_KEY_UIApplicationSceneManifest_Generation = YES;
				INFOPLIST_KEY_UIApplicationSupportsIndirectInputEvents = YES;
				INFOPLIST_KEY_UILaunchScreen_Generation = YES;
				INFOPLIST_KEY_UISupportedInterfaceOrientations_iPad = "UIInterfaceOrientationPortrait UIInterfaceOrientationPortraitUpsideDown UIInterfaceOrientationLandscapeLeft UIInterfaceOrientationLandscapeRight";
				INFOPLIST_KEY_UISupportedInterfaceOrientations_iPhone = "UIInterfaceOrientationPortrait UIInterfaceOrientationLandscapeLeft UIInterfaceOrientationLandscapeRight";
				LD_RUNPATH_SEARCH_PATHS = (
					"$(inherited)",
					"@executable_path/Frameworks",
				);
				MARKETING_VERSION = 1.0;
				PRODUCT_BUNDLE_IDENTIFIER = "kr.gwanson.SwiftUI-Basic";
				PRODUCT_NAME = "$(TARGET_NAME)";
				SWIFT_EMIT_LOC_STRINGS = YES;
				SWIFT_VERSION = 5.0;
				TARGETED_DEVICE_FAMILY = "1,2";
			};
			name = Release;
		};
		9F75E88B2BCFA13D005FD4F1 /* Debug */ = {
			isa = XCBuildConfiguration;
			buildSettings = {
				ALWAYS_EMBED_SWIFT_STANDARD_LIBRARIES = YES;
				BUNDLE_LOADER = "$(TEST_HOST)";
				CODE_SIGN_STYLE = Automatic;
				CURRENT_PROJECT_VERSION = 1;
				DEVELOPMENT_TEAM = 7P5U4N4C5Z;
				GENERATE_INFOPLIST_FILE = YES;
				IPHONEOS_DEPLOYMENT_TARGET = 17.2;
				MARKETING_VERSION = 1.0;
				PRODUCT_BUNDLE_IDENTIFIER = "kr.gwanson.SwiftUI-BasicTests";
				PRODUCT_NAME = "$(TARGET_NAME)";
				SWIFT_EMIT_LOC_STRINGS = NO;
				SWIFT_VERSION = 5.0;
				TARGETED_DEVICE_FAMILY = "1,2";
				TEST_HOST = "$(BUILT_PRODUCTS_DIR)/SwiftUI-Basic.app/$(BUNDLE_EXECUTABLE_FOLDER_PATH)/SwiftUI-Basic";
			};
			name = Debug;
		};
		9F75E88C2BCFA13D005FD4F1 /* Release */ = {
			isa = XCBuildConfiguration;
			buildSettings = {
				ALWAYS_EMBED_SWIFT_STANDARD_LIBRARIES = YES;
				BUNDLE_LOADER = "$(TEST_HOST)";
				CODE_SIGN_STYLE = Automatic;
				CURRENT_PROJECT_VERSION = 1;
				DEVELOPMENT_TEAM = 7P5U4N4C5Z;
				GENERATE_INFOPLIST_FILE = YES;
				IPHONEOS_DEPLOYMENT_TARGET = 17.2;
				MARKETING_VERSION = 1.0;
				PRODUCT_BUNDLE_IDENTIFIER = "kr.gwanson.SwiftUI-BasicTests";
				PRODUCT_NAME = "$(TARGET_NAME)";
				SWIFT_EMIT_LOC_STRINGS = NO;
				SWIFT_VERSION = 5.0;
				TARGETED_DEVICE_FAMILY = "1,2";
				TEST_HOST = "$(BUILT_PRODUCTS_DIR)/SwiftUI-Basic.app/$(BUNDLE_EXECUTABLE_FOLDER_PATH)/SwiftUI-Basic";
			};
			name = Release;
		};
		9F75E88E2BCFA13D005FD4F1 /* Debug */ = {
			isa = XCBuildConfiguration;
			buildSettings = {
				ALWAYS_EMBED_SWIFT_STANDARD_LIBRARIES = YES;
				CODE_SIGN_STYLE = Automatic;
				CURRENT_PROJECT_VERSION = 1;
				DEVELOPMENT_TEAM = 7P5U4N4C5Z;
				GENERATE_INFOPLIST_FILE = YES;
				MARKETING_VERSION = 1.0;
				PRODUCT_BUNDLE_IDENTIFIER = "kr.gwanson.SwiftUI-BasicUITests";
				PRODUCT_NAME = "$(TARGET_NAME)";
				SWIFT_EMIT_LOC_STRINGS = NO;
				SWIFT_VERSION = 5.0;
				TARGETED_DEVICE_FAMILY = "1,2";
				TEST_TARGET_NAME = "SwiftUI-Basic";
			};
			name = Debug;
		};
		9F75E88F2BCFA13D005FD4F1 /* Release */ = {
			isa = XCBuildConfiguration;
			buildSettings = {
				ALWAYS_EMBED_SWIFT_STANDARD_LIBRARIES = YES;
				CODE_SIGN_STYLE = Automatic;
				CURRENT_PROJECT_VERSION = 1;
				DEVELOPMENT_TEAM = 7P5U4N4C5Z;
				GENERATE_INFOPLIST_FILE = YES;
				MARKETING_VERSION = 1.0;
				PRODUCT_BUNDLE_IDENTIFIER = "kr.gwanson.SwiftUI-BasicUITests";
				PRODUCT_NAME = "$(TARGET_NAME)";
				SWIFT_EMIT_LOC_STRINGS = NO;
				SWIFT_VERSION = 5.0;
				TARGETED_DEVICE_FAMILY = "1,2";
				TEST_TARGET_NAME = "SwiftUI-Basic";
			};
			name = Release;
		};
/* End XCBuildConfiguration section */

/* Begin XCConfigurationList section */
		9F75E85E2BCFA13C005FD4F1 /* Build configuration list for PBXProject "SwiftUI-Basic" */ = {
			isa = XCConfigurationList;
			buildConfigurations = (
				9F75E8852BCFA13D005FD4F1 /* Debug */,
				9F75E8862BCFA13D005FD4F1 /* Release */,
			);
			defaultConfigurationIsVisible = 0;
			defaultConfigurationName = Release;
		};
		9F75E8872BCFA13D005FD4F1 /* Build configuration list for PBXNativeTarget "SwiftUI-Basic" */ = {
			isa = XCConfigurationList;
			buildConfigurations = (
				9F75E8882BCFA13D005FD4F1 /* Debug */,
				9F75E8892BCFA13D005FD4F1 /* Release */,
			);
			defaultConfigurationIsVisible = 0;
			defaultConfigurationName = Release;
		};
		9F75E88A2BCFA13D005FD4F1 /* Build configuration list for PBXNativeTarget "SwiftUI-BasicTests" */ = {
			isa = XCConfigurationList;
			buildConfigurations = (
				9F75E88B2BCFA13D005FD4F1 /* Debug */,
				9F75E88C2BCFA13D005FD4F1 /* Release */,
			);
			defaultConfigurationIsVisible = 0;
			defaultConfigurationName = Release;
		};
		9F75E88D2BCFA13D005FD4F1 /* Build configuration list for PBXNativeTarget "SwiftUI-BasicUITests" */ = {
			isa = XCConfigurationList;
			buildConfigurations = (
				9F75E88E2BCFA13D005FD4F1 /* Debug */,
				9F75E88F2BCFA13D005FD4F1 /* Release */,
			);
			defaultConfigurationIsVisible = 0;
			defaultConfigurationName = Release;
		};
/* End XCConfigurationList section */
	};
	rootObject = 9F75E85B2BCFA13C005FD4F1 /* Project object */;
}
