// !$*UTF8*$!
{
	archiveVersion = 1;
	classes = {
	};
	objectVersion = 56;
	objects = {

/* Begin PBXBuildFile section */
		9F75E8A32BCFAFE7005FD4F1 /* DataFlowApp.swift in Sources */ = {isa = PBXBuildFile; fileRef = 9F75E8A22BCFAFE7005FD4F1 /* DataFlowApp.swift */; };
		9F75E8A52BCFAFE7005FD4F1 /* ContentView.swift in Sources */ = {isa = PBXBuildFile; fileRef = 9F75E8A42BCFAFE7005FD4F1 /* ContentView.swift */; };
		9F75E8A72BCFAFE8005FD4F1 /* Assets.xcassets in Resources */ = {isa = PBXBuildFile; fileRef = 9F75E8A62BCFAFE8005FD4F1 /* Assets.xcassets */; };
		9F75E8AA2BCFAFE8005FD4F1 /* Preview Assets.xcassets in Resources */ = {isa = PBXBuildFile; fileRef = 9F75E8A92BCFAFE8005FD4F1 /* Preview Assets.xcassets */; };
		9F75E8B42BCFAFE8005FD4F1 /* DataFlowTests.swift in Sources */ = {isa = PBXBuildFile; fileRef = 9F75E8B32BCFAFE8005FD4F1 /* DataFlowTests.swift */; };
		9F75E8BE2BCFAFE8005FD4F1 /* DataFlowUITests.swift in Sources */ = {isa = PBXBuildFile; fileRef = 9F75E8BD2BCFAFE8005FD4F1 /* DataFlowUITests.swift */; };
		9F75E8C02BCFAFE8005FD4F1 /* DataFlowUITestsLaunchTests.swift in Sources */ = {isa = PBXBuildFile; fileRef = 9F75E8BF2BCFAFE8005FD4F1 /* DataFlowUITestsLaunchTests.swift */; };
		9F75E8CD2BCFB004005FD4F1 /* Episode.swift in Sources */ = {isa = PBXBuildFile; fileRef = 9F75E8CC2BCFB004005FD4F1 /* Episode.swift */; };
		9F75E8CF2BCFB024005FD4F1 /* PlayerView.swift in Sources */ = {isa = PBXBuildFile; fileRef = 9F75E8CE2BCFB024005FD4F1 /* PlayerView.swift */; };
		9F75E8D12BCFB2CE005FD4F1 /* PlayButton.swift in Sources */ = {isa = PBXBuildFile; fileRef = 9F75E8D02BCFB2CE005FD4F1 /* PlayButton.swift */; };
		9F75E8D32BCFB2FD005FD4F1 /* PlayImage.swift in Sources */ = {isa = PBXBuildFile; fileRef = 9F75E8D22BCFB2FD005FD4F1 /* PlayImage.swift */; };
/* End PBXBuildFile section */

/* Begin PBXContainerItemProxy section */
		9F75E8B02BCFAFE8005FD4F1 /* PBXContainerItemProxy */ = {
			isa = PBXContainerItemProxy;
			containerPortal = 9F75E8972BCFAFE7005FD4F1 /* Project object */;
			proxyType = 1;
			remoteGlobalIDString = 9F75E89E2BCFAFE7005FD4F1;
			remoteInfo = DataFlow;
		};
		9F75E8BA2BCFAFE8005FD4F1 /* PBXContainerItemProxy */ = {
			isa = PBXContainerItemProxy;
			containerPortal = 9F75E8972BCFAFE7005FD4F1 /* Project object */;
			proxyType = 1;
			remoteGlobalIDString = 9F75E89E2BCFAFE7005FD4F1;
			remoteInfo = DataFlow;
		};
/* End PBXContainerItemProxy section */

/* Begin PBXFileReference section */
		9F75E89F2BCFAFE7005FD4F1 /* DataFlow.app */ = {isa = PBXFileReference; explicitFileType = wrapper.application; includeInIndex = 0; path = DataFlow.app; sourceTree = BUILT_PRODUCTS_DIR; };
		9F75E8A22BCFAFE7005FD4F1 /* DataFlowApp.swift */ = {isa = PBXFileReference; lastKnownFileType = sourcecode.swift; path = DataFlowApp.swift; sourceTree = "<group>"; };
		9F75E8A42BCFAFE7005FD4F1 /* ContentView.swift */ = {isa = PBXFileReference; lastKnownFileType = sourcecode.swift; path = ContentView.swift; sourceTree = "<group>"; };
		9F75E8A62BCFAFE8005FD4F1 /* Assets.xcassets */ = {isa = PBXFileReference; lastKnownFileType = folder.assetcatalog; path = Assets.xcassets; sourceTree = "<group>"; };
		9F75E8A92BCFAFE8005FD4F1 /* Preview Assets.xcassets */ = {isa = PBXFileReference; lastKnownFileType = folder.assetcatalog; path = "Preview Assets.xcassets"; sourceTree = "<group>"; };
		9F75E8AF2BCFAFE8005FD4F1 /* DataFlowTests.xctest */ = {isa = PBXFileReference; explicitFileType = wrapper.cfbundle; includeInIndex = 0; path = DataFlowTests.xctest; sourceTree = BUILT_PRODUCTS_DIR; };
		9F75E8B32BCFAFE8005FD4F1 /* DataFlowTests.swift */ = {isa = PBXFileReference; lastKnownFileType = sourcecode.swift; path = DataFlowTests.swift; sourceTree = "<group>"; };
		9F75E8B92BCFAFE8005FD4F1 /* DataFlowUITests.xctest */ = {isa = PBXFileReference; explicitFileType = wrapper.cfbundle; includeInIndex = 0; path = DataFlowUITests.xctest; sourceTree = BUILT_PRODUCTS_DIR; };
		9F75E8BD2BCFAFE8005FD4F1 /* DataFlowUITests.swift */ = {isa = PBXFileReference; lastKnownFileType = sourcecode.swift; path = DataFlowUITests.swift; sourceTree = "<group>"; };
		9F75E8BF2BCFAFE8005FD4F1 /* DataFlowUITestsLaunchTests.swift */ = {isa = PBXFileReference; lastKnownFileType = sourcecode.swift; path = DataFlowUITestsLaunchTests.swift; sourceTree = "<group>"; };
		9F75E8CC2BCFB004005FD4F1 /* Episode.swift */ = {isa = PBXFileReference; lastKnownFileType = sourcecode.swift; path = Episode.swift; sourceTree = "<group>"; };
		9F75E8CE2BCFB024005FD4F1 /* PlayerView.swift */ = {isa = PBXFileReference; lastKnownFileType = sourcecode.swift; path = PlayerView.swift; sourceTree = "<group>"; };
		9F75E8D02BCFB2CE005FD4F1 /* PlayButton.swift */ = {isa = PBXFileReference; lastKnownFileType = sourcecode.swift; path = PlayButton.swift; sourceTree = "<group>"; };
		9F75E8D22BCFB2FD005FD4F1 /* PlayImage.swift */ = {isa = PBXFileReference; lastKnownFileType = sourcecode.swift; path = PlayImage.swift; sourceTree = "<group>"; };
/* End PBXFileReference section */

/* Begin PBXFrameworksBuildPhase section */
		9F75E89C2BCFAFE7005FD4F1 /* Frameworks */ = {
			isa = PBXFrameworksBuildPhase;
			buildActionMask = 2147483647;
			files = (
			);
			runOnlyForDeploymentPostprocessing = 0;
		};
		9F75E8AC2BCFAFE8005FD4F1 /* Frameworks */ = {
			isa = PBXFrameworksBuildPhase;
			buildActionMask = 2147483647;
			files = (
			);
			runOnlyForDeploymentPostprocessing = 0;
		};
		9F75E8B62BCFAFE8005FD4F1 /* Frameworks */ = {
			isa = PBXFrameworksBuildPhase;
			buildActionMask = 2147483647;
			files = (
			);
			runOnlyForDeploymentPostprocessing = 0;
		};
/* End PBXFrameworksBuildPhase section */

/* Begin PBXGroup section */
		9F75E8962BCFAFE7005FD4F1 = {
			isa = PBXGroup;
			children = (
				9F75E8A12BCFAFE7005FD4F1 /* DataFlow */,
				9F75E8B22BCFAFE8005FD4F1 /* DataFlowTests */,
				9F75E8BC2BCFAFE8005FD4F1 /* DataFlowUITests */,
				9F75E8A02BCFAFE7005FD4F1 /* Products */,
			);
			sourceTree = "<group>";
		};
		9F75E8A02BCFAFE7005FD4F1 /* Products */ = {
			isa = PBXGroup;
			children = (
				9F75E89F2BCFAFE7005FD4F1 /* DataFlow.app */,
				9F75E8AF2BCFAFE8005FD4F1 /* DataFlowTests.xctest */,
				9F75E8B92BCFAFE8005FD4F1 /* DataFlowUITests.xctest */,
			);
			name = Products;
			sourceTree = "<group>";
		};
		9F75E8A12BCFAFE7005FD4F1 /* DataFlow */ = {
			isa = PBXGroup;
			children = (
				9F75E8A22BCFAFE7005FD4F1 /* DataFlowApp.swift */,
				9F75E8A42BCFAFE7005FD4F1 /* ContentView.swift */,
				9F75E8CC2BCFB004005FD4F1 /* Episode.swift */,
				9F75E8CE2BCFB024005FD4F1 /* PlayerView.swift */,
				9F75E8D22BCFB2FD005FD4F1 /* PlayImage.swift */,
				9F75E8D02BCFB2CE005FD4F1 /* PlayButton.swift */,
				9F75E8A62BCFAFE8005FD4F1 /* Assets.xcassets */,
				9F75E8A82BCFAFE8005FD4F1 /* Preview Content */,
			);
			path = DataFlow;
			sourceTree = "<group>";
		};
		9F75E8A82BCFAFE8005FD4F1 /* Preview Content */ = {
			isa = PBXGroup;
			children = (
				9F75E8A92BCFAFE8005FD4F1 /* Preview Assets.xcassets */,
			);
			path = "Preview Content";
			sourceTree = "<group>";
		};
		9F75E8B22BCFAFE8005FD4F1 /* DataFlowTests */ = {
			isa = PBXGroup;
			children = (
				9F75E8B32BCFAFE8005FD4F1 /* DataFlowTests.swift */,
			);
			path = DataFlowTests;
			sourceTree = "<group>";
		};
		9F75E8BC2BCFAFE8005FD4F1 /* DataFlowUITests */ = {
			isa = PBXGroup;
			children = (
				9F75E8BD2BCFAFE8005FD4F1 /* DataFlowUITests.swift */,
				9F75E8BF2BCFAFE8005FD4F1 /* DataFlowUITestsLaunchTests.swift */,
			);
			path = DataFlowUITests;
			sourceTree = "<group>";
		};
/* End PBXGroup section */

/* Begin PBXNativeTarget section */
		9F75E89E2BCFAFE7005FD4F1 /* DataFlow */ = {
			isa = PBXNativeTarget;
			buildConfigurationList = 9F75E8C32BCFAFE8005FD4F1 /* Build configuration list for PBXNativeTarget "DataFlow" */;
			buildPhases = (
				9F75E89B2BCFAFE7005FD4F1 /* Sources */,
				9F75E89C2BCFAFE7005FD4F1 /* Frameworks */,
				9F75E89D2BCFAFE7005FD4F1 /* Resources */,
			);
			buildRules = (
			);
			dependencies = (
			);
			name = DataFlow;
			productName = DataFlow;
			productReference = 9F75E89F2BCFAFE7005FD4F1 /* DataFlow.app */;
			productType = "com.apple.product-type.application";
		};
		9F75E8AE2BCFAFE8005FD4F1 /* DataFlowTests */ = {
			isa = PBXNativeTarget;
			buildConfigurationList = 9F75E8C62BCFAFE8005FD4F1 /* Build configuration list for PBXNativeTarget "DataFlowTests" */;
			buildPhases = (
				9F75E8AB2BCFAFE8005FD4F1 /* Sources */,
				9F75E8AC2BCFAFE8005FD4F1 /* Frameworks */,
				9F75E8AD2BCFAFE8005FD4F1 /* Resources */,
			);
			buildRules = (
			);
			dependencies = (
				9F75E8B12BCFAFE8005FD4F1 /* PBXTargetDependency */,
			);
			name = DataFlowTests;
			productName = DataFlowTests;
			productReference = 9F75E8AF2BCFAFE8005FD4F1 /* DataFlowTests.xctest */;
			productType = "com.apple.product-type.bundle.unit-test";
		};
		9F75E8B82BCFAFE8005FD4F1 /* DataFlowUITests */ = {
			isa = PBXNativeTarget;
			buildConfigurationList = 9F75E8C92BCFAFE8005FD4F1 /* Build configuration list for PBXNativeTarget "DataFlowUITests" */;
			buildPhases = (
				9F75E8B52BCFAFE8005FD4F1 /* Sources */,
				9F75E8B62BCFAFE8005FD4F1 /* Frameworks */,
				9F75E8B72BCFAFE8005FD4F1 /* Resources */,
			);
			buildRules = (
			);
			dependencies = (
				9F75E8BB2BCFAFE8005FD4F1 /* PBXTargetDependency */,
			);
			name = DataFlowUITests;
			productName = DataFlowUITests;
			productReference = 9F75E8B92BCFAFE8005FD4F1 /* DataFlowUITests.xctest */;
			productType = "com.apple.product-type.bundle.ui-testing";
		};
/* End PBXNativeTarget section */

/* Begin PBXProject section */
		9F75E8972BCFAFE7005FD4F1 /* Project object */ = {
			isa = PBXProject;
			attributes = {
				BuildIndependentTargetsInParallel = 1;
				LastSwiftUpdateCheck = 1520;
				LastUpgradeCheck = 1520;
				TargetAttributes = {
					9F75E89E2BCFAFE7005FD4F1 = {
						CreatedOnToolsVersion = 15.2;
					};
					9F75E8AE2BCFAFE8005FD4F1 = {
						CreatedOnToolsVersion = 15.2;
						TestTargetID = 9F75E89E2BCFAFE7005FD4F1;
					};
					9F75E8B82BCFAFE8005FD4F1 = {
						CreatedOnToolsVersion = 15.2;
						TestTargetID = 9F75E89E2BCFAFE7005FD4F1;
					};
				};
			};
			buildConfigurationList = 9F75E89A2BCFAFE7005FD4F1 /* Build configuration list for PBXProject "DataFlow" */;
			compatibilityVersion = "Xcode 14.0";
			developmentRegion = en;
			hasScannedForEncodings = 0;
			knownRegions = (
				en,
				Base,
			);
			mainGroup = 9F75E8962BCFAFE7005FD4F1;
			productRefGroup = 9F75E8A02BCFAFE7005FD4F1 /* Products */;
			projectDirPath = "";
			projectRoot = "";
			targets = (
				9F75E89E2BCFAFE7005FD4F1 /* DataFlow */,
				9F75E8AE2BCFAFE8005FD4F1 /* DataFlowTests */,
				9F75E8B82BCFAFE8005FD4F1 /* DataFlowUITests */,
			);
		};
/* End PBXProject section */

/* Begin PBXResourcesBuildPhase section */
		9F75E89D2BCFAFE7005FD4F1 /* Resources */ = {
			isa = PBXResourcesBuildPhase;
			buildActionMask = 2147483647;
			files = (
				9F75E8AA2BCFAFE8005FD4F1 /* Preview Assets.xcassets in Resources */,
				9F75E8A72BCFAFE8005FD4F1 /* Assets.xcassets in Resources */,
			);
			runOnlyForDeploymentPostprocessing = 0;
		};
		9F75E8AD2BCFAFE8005FD4F1 /* Resources */ = {
			isa = PBXResourcesBuildPhase;
			buildActionMask = 2147483647;
			files = (
			);
			runOnlyForDeploymentPostprocessing = 0;
		};
		9F75E8B72BCFAFE8005FD4F1 /* Resources */ = {
			isa = PBXResourcesBuildPhase;
			buildActionMask = 2147483647;
			files = (
			);
			runOnlyForDeploymentPostprocessing = 0;
		};
/* End PBXResourcesBuildPhase section */

/* Begin PBXSourcesBuildPhase section */
		9F75E89B2BCFAFE7005FD4F1 /* Sources */ = {
			isa = PBXSourcesBuildPhase;
			buildActionMask = 2147483647;
			files = (
				9F75E8A52BCFAFE7005FD4F1 /* ContentView.swift in Sources */,
				9F75E8D32BCFB2FD005FD4F1 /* PlayImage.swift in Sources */,
				9F75E8D12BCFB2CE005FD4F1 /* PlayButton.swift in Sources */,
				9F75E8CD2BCFB004005FD4F1 /* Episode.swift in Sources */,
				9F75E8A32BCFAFE7005FD4F1 /* DataFlowApp.swift in Sources */,
				9F75E8CF2BCFB024005FD4F1 /* PlayerView.swift in Sources */,
			);
			runOnlyForDeploymentPostprocessing = 0;
		};
		9F75E8AB2BCFAFE8005FD4F1 /* Sources */ = {
			isa = PBXSourcesBuildPhase;
			buildActionMask = 2147483647;
			files = (
				9F75E8B42BCFAFE8005FD4F1 /* DataFlowTests.swift in Sources */,
			);
			runOnlyForDeploymentPostprocessing = 0;
		};
		9F75E8B52BCFAFE8005FD4F1 /* Sources */ = {
			isa = PBXSourcesBuildPhase;
			buildActionMask = 2147483647;
			files = (
				9F75E8C02BCFAFE8005FD4F1 /* DataFlowUITestsLaunchTests.swift in Sources */,
				9F75E8BE2BCFAFE8005FD4F1 /* DataFlowUITests.swift in Sources */,
			);
			runOnlyForDeploymentPostprocessing = 0;
		};
/* End PBXSourcesBuildPhase section */

/* Begin PBXTargetDependency section */
		9F75E8B12BCFAFE8005FD4F1 /* PBXTargetDependency */ = {
			isa = PBXTargetDependency;
			target = 9F75E89E2BCFAFE7005FD4F1 /* DataFlow */;
			targetProxy = 9F75E8B02BCFAFE8005FD4F1 /* PBXContainerItemProxy */;
		};
		9F75E8BB2BCFAFE8005FD4F1 /* PBXTargetDependency */ = {
			isa = PBXTargetDependency;
			target = 9F75E89E2BCFAFE7005FD4F1 /* DataFlow */;
			targetProxy = 9F75E8BA2BCFAFE8005FD4F1 /* PBXContainerItemProxy */;
		};
/* End PBXTargetDependency section */

/* Begin XCBuildConfiguration section */
		9F75E8C12BCFAFE8005FD4F1 /* Debug */ = {
			isa = XCBuildConfiguration;
			buildSettings = {
				ALWAYS_SEARCH_USER_PATHS = NO;
				ASSETCATALOG_COMPILER_GENERATE_SWIFT_ASSET_SYMBOL_EXTENSIONS = YES;
				CLANG_ANALYZER_NONNULL = YES;
				CLANG_ANALYZER_NUMBER_OBJECT_CONVERSION = YES_AGGRESSIVE;
				CLANG_CXX_LANGUAGE_STANDARD = "gnu++20";
				CLANG_ENABLE_MODULES = YES;
				CLANG_ENABLE_OBJC_ARC = YES;
				CLANG_ENABLE_OBJC_WEAK = YES;
				CLANG_WARN_BLOCK_CAPTURE_AUTORELEASING = YES;
				CLANG_WARN_BOOL_CONVERSION = YES;
				CLANG_WARN_COMMA = YES;
				CLANG_WARN_CONSTANT_CONVERSION = YES;
				CLANG_WARN_DEPRECATED_OBJC_IMPLEMENTATIONS = YES;
				CLANG_WARN_DIRECT_OBJC_ISA_USAGE = YES_ERROR;
				CLANG_WARN_DOCUMENTATION_COMMENTS = YES;
				CLANG_WARN_EMPTY_BODY = YES;
				CLANG_WARN_ENUM_CONVERSION = YES;
				CLANG_WARN_INFINITE_RECURSION = YES;
				CLANG_WARN_INT_CONVERSION = YES;
				CLANG_WARN_NON_LITERAL_NULL_CONVERSION = YES;
				CLANG_WARN_OBJC_IMPLICIT_RETAIN_SELF = YES;
				CLANG_WARN_OBJC_LITERAL_CONVERSION = YES;
				CLANG_WARN_OBJC_ROOT_CLASS = YES_ERROR;
				CLANG_WARN_QUOTED_INCLUDE_IN_FRAMEWORK_HEADER = YES;
				CLANG_WARN_RANGE_LOOP_ANALYSIS = YES;
				CLANG_WARN_STRICT_PROTOTYPES = YES;
				CLANG_WARN_SUSPICIOUS_MOVE = YES;
				CLANG_WARN_UNGUARDED_AVAILABILITY = YES_AGGRESSIVE;
				CLANG_WARN_UNREACHABLE_CODE = YES;
				CLANG_WARN__DUPLICATE_METHOD_MATCH = YES;
				COPY_PHASE_STRIP = NO;
				DEBUG_INFORMATION_FORMAT = dwarf;
				ENABLE_STRICT_OBJC_MSGSEND = YES;
				ENABLE_TESTABILITY = YES;
				ENABLE_USER_SCRIPT_SANDBOXING = YES;
				GCC_C_LANGUAGE_STANDARD = gnu17;
				GCC_DYNAMIC_NO_PIC = NO;
				GCC_NO_COMMON_BLOCKS = YES;
				GCC_OPTIMIZATION_LEVEL = 0;
				GCC_PREPROCESSOR_DEFINITIONS = (
					"DEBUG=1",
					"$(inherited)",
				);
				GCC_WARN_64_TO_32_BIT_CONVERSION = YES;
				GCC_WARN_ABOUT_RETURN_TYPE = YES_ERROR;
				GCC_WARN_UNDECLARED_SELECTOR = YES;
				GCC_WARN_UNINITIALIZED_AUTOS = YES_AGGRESSIVE;
				GCC_WARN_UNUSED_FUNCTION = YES;
				GCC_WARN_UNUSED_VARIABLE = YES;
				IPHONEOS_DEPLOYMENT_TARGET = 17.2;
				LOCALIZATION_PREFERS_STRING_CATALOGS = YES;
				MTL_ENABLE_DEBUG_INFO = INCLUDE_SOURCE;
				MTL_FAST_MATH = YES;
				ONLY_ACTIVE_ARCH = YES;
				SDKROOT = iphoneos;
				SWIFT_ACTIVE_COMPILATION_CONDITIONS = "DEBUG $(inherited)";
				SWIFT_OPTIMIZATION_LEVEL = "-Onone";
			};
			name = Debug;
		};
		9F75E8C22BCFAFE8005FD4F1 /* Release */ = {
			isa = XCBuildConfiguration;
			buildSettings = {
				ALWAYS_SEARCH_USER_PATHS = NO;
				ASSETCATALOG_COMPILER_GENERATE_SWIFT_ASSET_SYMBOL_EXTENSIONS = YES;
				CLANG_ANALYZER_NONNULL = YES;
				CLANG_ANALYZER_NUMBER_OBJECT_CONVERSION = YES_AGGRESSIVE;
				CLANG_CXX_LANGUAGE_STANDARD = "gnu++20";
				CLANG_ENABLE_MODULES = YES;
				CLANG_ENABLE_OBJC_ARC = YES;
				CLANG_ENABLE_OBJC_WEAK = YES;
				CLANG_WARN_BLOCK_CAPTURE_AUTORELEASING = YES;
				CLANG_WARN_BOOL_CONVERSION = YES;
				CLANG_WARN_COMMA = YES;
				CLANG_WARN_CONSTANT_CONVERSION = YES;
				CLANG_WARN_DEPRECATED_OBJC_IMPLEMENTATIONS = YES;
				CLANG_WARN_DIRECT_OBJC_ISA_USAGE = YES_ERROR;
				CLANG_WARN_DOCUMENTATION_COMMENTS = YES;
				CLANG_WARN_EMPTY_BODY = YES;
				CLANG_WARN_ENUM_CONVERSION = YES;
				CLANG_WARN_INFINITE_RECURSION = YES;
				CLANG_WARN_INT_CONVERSION = YES;
				CLANG_WARN_NON_LITERAL_NULL_CONVERSION = YES;
				CLANG_WARN_OBJC_IMPLICIT_RETAIN_SELF = YES;
				CLANG_WARN_OBJC_LITERAL_CONVERSION = YES;
				CLANG_WARN_OBJC_ROOT_CLASS = YES_ERROR;
				CLANG_WARN_QUOTED_INCLUDE_IN_FRAMEWORK_HEADER = YES;
				CLANG_WARN_RANGE_LOOP_ANALYSIS = YES;
				CLANG_WARN_STRICT_PROTOTYPES = YES;
				CLANG_WARN_SUSPICIOUS_MOVE = YES;
				CLANG_WARN_UNGUARDED_AVAILABILITY = YES_AGGRESSIVE;
				CLANG_WARN_UNREACHABLE_CODE = YES;
				CLANG_WARN__DUPLICATE_METHOD_MATCH = YES;
				COPY_PHASE_STRIP = NO;
				DEBUG_INFORMATION_FORMAT = "dwarf-with-dsym";
				ENABLE_NS_ASSERTIONS = NO;
				ENABLE_STRICT_OBJC_MSGSEND = YES;
				ENABLE_USER_SCRIPT_SANDBOXING = YES;
				GCC_C_LANGUAGE_STANDARD = gnu17;
				GCC_NO_COMMON_BLOCKS = YES;
				GCC_WARN_64_TO_32_BIT_CONVERSION = YES;
				GCC_WARN_ABOUT_RETURN_TYPE = YES_ERROR;
				GCC_WARN_UNDECLARED_SELECTOR = YES;
				GCC_WARN_UNINITIALIZED_AUTOS = YES_AGGRESSIVE;
				GCC_WARN_UNUSED_FUNCTION = YES;
				GCC_WARN_UNUSED_VARIABLE = YES;
				IPHONEOS_DEPLOYMENT_TARGET = 17.2;
				LOCALIZATION_PREFERS_STRING_CATALOGS = YES;
				MTL_ENABLE_DEBUG_INFO = NO;
				MTL_FAST_MATH = YES;
				SDKROOT = iphoneos;
				SWIFT_COMPILATION_MODE = wholemodule;
				VALIDATE_PRODUCT = YES;
			};
			name = Release;
		};
		9F75E8C42BCFAFE8005FD4F1 /* Debug */ = {
			isa = XCBuildConfiguration;
			buildSettings = {
				ASSETCATALOG_COMPILER_APPICON_NAME = AppIcon;
				ASSETCATALOG_COMPILER_GLOBAL_ACCENT_COLOR_NAME = AccentColor;
				CODE_SIGN_STYLE = Automatic;
				CURRENT_PROJECT_VERSION = 1;
				DEVELOPMENT_ASSET_PATHS = "\"DataFlow/Preview Content\"";
				DEVELOPMENT_TEAM = 7P5U4N4C5Z;
				ENABLE_PREVIEWS = YES;
				GENERATE_INFOPLIST_FILE = YES;
				INFOPLIST_KEY_UIApplicationSceneManifest_Generation = YES;
				INFOPLIST_KEY_UIApplicationSupportsIndirectInputEvents = YES;
				INFOPLIST_KEY_UILaunchScreen_Generation = YES;
				INFOPLIST_KEY_UISupportedInterfaceOrientations_iPad = "UIInterfaceOrientationPortrait UIInterfaceOrientationPortraitUpsideDown UIInterfaceOrientationLandscapeLeft UIInterfaceOrientationLandscapeRight";
				INFOPLIST_KEY_UISupportedInterfaceOrientations_iPhone = "UIInterfaceOrientationPortrait UIInterfaceOrientationLandscapeLeft UIInterfaceOrientationLandscapeRight";
				LD_RUNPATH_SEARCH_PATHS = (
					"$(inherited)",
					"@executable_path/Frameworks",
				);
				MARKETING_VERSION = 1.0;
				PRODUCT_BUNDLE_IDENTIFIER = kr.gwanson.DataFlow;
				PRODUCT_NAME = "$(TARGET_NAME)";
				SWIFT_EMIT_LOC_STRINGS = YES;
				SWIFT_VERSION = 5.0;
				TARGETED_DEVICE_FAMILY = "1,2";
			};
			name = Debug;
		};
		9F75E8C52BCFAFE8005FD4F1 /* Release */ = {
			isa = XCBuildConfiguration;
			buildSettings = {
				ASSETCATALOG_COMPILER_APPICON_NAME = AppIcon;
				ASSETCATALOG_COMPILER_GLOBAL_ACCENT_COLOR_NAME = AccentColor;
				CODE_SIGN_STYLE = Automatic;
				CURRENT_PROJECT_VERSION = 1;
				DEVELOPMENT_ASSET_PATHS = "\"DataFlow/Preview Content\"";
				DEVELOPMENT_TEAM = 7P5U4N4C5Z;
				ENABLE_PREVIEWS = YES;
				GENERATE_INFOPLIST_FILE = YES;
				INFOPLIST_KEY_UIApplicationSceneManifest_Generation = YES;
				INFOPLIST_KEY_UIApplicationSupportsIndirectInputEvents = YES;
				INFOPLIST_KEY_UILaunchScreen_Generation = YES;
				INFOPLIST_KEY_UISupportedInterfaceOrientations_iPad = "UIInterfaceOrientationPortrait UIInterfaceOrientationPortraitUpsideDown UIInterfaceOrientationLandscapeLeft UIInterfaceOrientationLandscapeRight";
				INFOPLIST_KEY_UISupportedInterfaceOrientations_iPhone = "UIInterfaceOrientationPortrait UIInterfaceOrientationLandscapeLeft UIInterfaceOrientationLandscapeRight";
				LD_RUNPATH_SEARCH_PATHS = (
					"$(inherited)",
					"@executable_path/Frameworks",
				);
				MARKETING_VERSION = 1.0;
				PRODUCT_BUNDLE_IDENTIFIER = kr.gwanson.DataFlow;
				PRODUCT_NAME = "$(TARGET_NAME)";
				SWIFT_EMIT_LOC_STRINGS = YES;
				SWIFT_VERSION = 5.0;
				TARGETED_DEVICE_FAMILY = "1,2";
			};
			name = Release;
		};
		9F75E8C72BCFAFE8005FD4F1 /* Debug */ = {
			isa = XCBuildConfiguration;
			buildSettings = {
				ALWAYS_EMBED_SWIFT_STANDARD_LIBRARIES = YES;
				BUNDLE_LOADER = "$(TEST_HOST)";
				CODE_SIGN_STYLE = Automatic;
				CURRENT_PROJECT_VERSION = 1;
				DEVELOPMENT_TEAM = 7P5U4N4C5Z;
				GENERATE_INFOPLIST_FILE = YES;
				IPHONEOS_DEPLOYMENT_TARGET = 17.2;
				MARKETING_VERSION = 1.0;
				PRODUCT_BUNDLE_IDENTIFIER = kr.gwanson.DataFlowTests;
				PRODUCT_NAME = "$(TARGET_NAME)";
				SWIFT_EMIT_LOC_STRINGS = NO;
				SWIFT_VERSION = 5.0;
				TARGETED_DEVICE_FAMILY = "1,2";
				TEST_HOST = "$(BUILT_PRODUCTS_DIR)/DataFlow.app/$(BUNDLE_EXECUTABLE_FOLDER_PATH)/DataFlow";
			};
			name = Debug;
		};
		9F75E8C82BCFAFE8005FD4F1 /* Release */ = {
			isa = XCBuildConfiguration;
			buildSettings = {
				ALWAYS_EMBED_SWIFT_STANDARD_LIBRARIES = YES;
				BUNDLE_LOADER = "$(TEST_HOST)";
				CODE_SIGN_STYLE = Automatic;
				CURRENT_PROJECT_VERSION = 1;
				DEVELOPMENT_TEAM = 7P5U4N4C5Z;
				GENERATE_INFOPLIST_FILE = YES;
				IPHONEOS_DEPLOYMENT_TARGET = 17.2;
				MARKETING_VERSION = 1.0;
				PRODUCT_BUNDLE_IDENTIFIER = kr.gwanson.DataFlowTests;
				PRODUCT_NAME = "$(TARGET_NAME)";
				SWIFT_EMIT_LOC_STRINGS = NO;
				SWIFT_VERSION = 5.0;
				TARGETED_DEVICE_FAMILY = "1,2";
				TEST_HOST = "$(BUILT_PRODUCTS_DIR)/DataFlow.app/$(BUNDLE_EXECUTABLE_FOLDER_PATH)/DataFlow";
			};
			name = Release;
		};
		9F75E8CA2BCFAFE8005FD4F1 /* Debug */ = {
			isa = XCBuildConfiguration;
			buildSettings = {
				ALWAYS_EMBED_SWIFT_STANDARD_LIBRARIES = YES;
				CODE_SIGN_STYLE = Automatic;
				CURRENT_PROJECT_VERSION = 1;
				DEVELOPMENT_TEAM = 7P5U4N4C5Z;
				GENERATE_INFOPLIST_FILE = YES;
				MARKETING_VERSION = 1.0;
				PRODUCT_BUNDLE_IDENTIFIER = kr.gwanson.DataFlowUITests;
				PRODUCT_NAME = "$(TARGET_NAME)";
				SWIFT_EMIT_LOC_STRINGS = NO;
				SWIFT_VERSION = 5.0;
				TARGETED_DEVICE_FAMILY = "1,2";
				TEST_TARGET_NAME = DataFlow;
			};
			name = Debug;
		};
		9F75E8CB2BCFAFE8005FD4F1 /* Release */ = {
			isa = XCBuildConfiguration;
			buildSettings = {
				ALWAYS_EMBED_SWIFT_STANDARD_LIBRARIES = YES;
				CODE_SIGN_STYLE = Automatic;
				CURRENT_PROJECT_VERSION = 1;
				DEVELOPMENT_TEAM = 7P5U4N4C5Z;
				GENERATE_INFOPLIST_FILE = YES;
				MARKETING_VERSION = 1.0;
				PRODUCT_BUNDLE_IDENTIFIER = kr.gwanson.DataFlowUITests;
				PRODUCT_NAME = "$(TARGET_NAME)";
				SWIFT_EMIT_LOC_STRINGS = NO;
				SWIFT_VERSION = 5.0;
				TARGETED_DEVICE_FAMILY = "1,2";
				TEST_TARGET_NAME = DataFlow;
			};
			name = Release;
		};
/* End XCBuildConfiguration section */

/* Begin XCConfigurationList section */
		9F75E89A2BCFAFE7005FD4F1 /* Build configuration list for PBXProject "DataFlow" */ = {
			isa = XCConfigurationList;
			buildConfigurations = (
				9F75E8C12BCFAFE8005FD4F1 /* Debug */,
				9F75E8C22BCFAFE8005FD4F1 /* Release */,
			);
			defaultConfigurationIsVisible = 0;
			defaultConfigurationName = Release;
		};
		9F75E8C32BCFAFE8005FD4F1 /* Build configuration list for PBXNativeTarget "DataFlow" */ = {
			isa = XCConfigurationList;
			buildConfigurations = (
				9F75E8C42BCFAFE8005FD4F1 /* Debug */,
				9F75E8C52BCFAFE8005FD4F1 /* Release */,
			);
			defaultConfigurationIsVisible = 0;
			defaultConfigurationName = Release;
		};
		9F75E8C62BCFAFE8005FD4F1 /* Build configuration list for PBXNativeTarget "DataFlowTests" */ = {
			isa = XCConfigurationList;
			buildConfigurations = (
				9F75E8C72BCFAFE8005FD4F1 /* Debug */,
				9F75E8C82BCFAFE8005FD4F1 /* Release */,
			);
			defaultConfigurationIsVisible = 0;
			defaultConfigurationName = Release;
		};
		9F75E8C92BCFAFE8005FD4F1 /* Build configuration list for PBXNativeTarget "DataFlowUITests" */ = {
			isa = XCConfigurationList;
			buildConfigurations = (
				9F75E8CA2BCFAFE8005FD4F1 /* Debug */,
				9F75E8CB2BCFAFE8005FD4F1 /* Release */,
			);
			defaultConfigurationIsVisible = 0;
			defaultConfigurationName = Release;
		};
/* End XCConfigurationList section */
	};
	rootObject = 9F75E8972BCFAFE7005FD4F1 /* Project object */;
}
